// !$*UTF8*$!
{
	archiveVersion = 1;
	classes = {
	};
	objectVersion = 46;
	objects = {

/* Begin PBXBuildFile section */
		751707CC1B4620F6007F1AE2 /* main.m in Sources */ = {isa = PBXBuildFile; fileRef = 751707CB1B4620F6007F1AE2 /* main.m */; };
		751707CF1B4620F6007F1AE2 /* AppDelegate.m in Sources */ = {isa = PBXBuildFile; fileRef = 751707CE1B4620F6007F1AE2 /* AppDelegate.m */; };
		751707D71B4620F6007F1AE2 /* Images.xcassets in Resources */ = {isa = PBXBuildFile; fileRef = 751707D61B4620F6007F1AE2 /* Images.xcassets */; };
		759DDAC71E40C91100175959 /* TestViewController.m in Sources */ = {isa = PBXBuildFile; fileRef = 759DDAC51E40C91100175959 /* TestViewController.m */; };
		759DDAC81E40C91100175959 /* TestViewController.xib in Resources */ = {isa = PBXBuildFile; fileRef = 759DDAC61E40C91100175959 /* TestViewController.xib */; };
		759DDADE1E4706FF00175959 /* Test2ViewController.m in Sources */ = {isa = PBXBuildFile; fileRef = 759DDADC1E4706FF00175959 /* Test2ViewController.m */; };
		759DDADF1E4706FF00175959 /* Test2ViewController.xib in Resources */ = {isa = PBXBuildFile; fileRef = 759DDADD1E4706FF00175959 /* Test2ViewController.xib */; };
		759DDAE21E47085F00175959 /* CustomView.m in Sources */ = {isa = PBXBuildFile; fileRef = 759DDAE11E47085F00175959 /* CustomView.m */; };
		759DDAE41E47086E00175959 /* CustomView.xib in Resources */ = {isa = PBXBuildFile; fileRef = 759DDAE31E47086E00175959 /* CustomView.xib */; };
		759DDAE71E470CDB00175959 /* Person.m in Sources */ = {isa = PBXBuildFile; fileRef = 759DDAE61E470CDB00175959 /* Person.m */; };
		759DDAEA1E470FA000175959 /* Dog.m in Sources */ = {isa = PBXBuildFile; fileRef = 759DDAE91E470FA000175959 /* Dog.m */; };
		75ADACE61E61B5A9007D93A9 /* ProductListCell.m in Sources */ = {isa = PBXBuildFile; fileRef = 75ADACE41E61B5A9007D93A9 /* ProductListCell.m */; };
		75ADACE71E61B5A9007D93A9 /* ProductListCell.xib in Resources */ = {isa = PBXBuildFile; fileRef = 75ADACE51E61B5A9007D93A9 /* ProductListCell.xib */; };
		75ADACEA1E61B6E0007D93A9 /* ProductListTwoCell.m in Sources */ = {isa = PBXBuildFile; fileRef = 75ADACE91E61B6E0007D93A9 /* ProductListTwoCell.m */; };
		75ADAD291E626F90007D93A9 /* AnimCaseVC.m in Sources */ = {isa = PBXBuildFile; fileRef = 75ADACED1E626F90007D93A9 /* AnimCaseVC.m */; };
		75ADAD2A1E626F90007D93A9 /* AnimCaseVC.xib in Resources */ = {isa = PBXBuildFile; fileRef = 75ADACEE1E626F90007D93A9 /* AnimCaseVC.xib */; };
		75ADAD2B1E626F90007D93A9 /* CustomViewCaseController.m in Sources */ = {isa = PBXBuildFile; fileRef = 75ADACF11E626F90007D93A9 /* CustomViewCaseController.m */; };
		75ADAD2C1E626F90007D93A9 /* CustomViewCaseController.xib in Resources */ = {isa = PBXBuildFile; fileRef = 75ADACF21E626F90007D93A9 /* CustomViewCaseController.xib */; };
		75ADAD2D1E626F90007D93A9 /* CutomViewCase1.m in Sources */ = {isa = PBXBuildFile; fileRef = 75ADACF41E626F90007D93A9 /* CutomViewCase1.m */; };
		75ADAD2E1E626F90007D93A9 /* CutomViewCase1.xib in Resources */ = {isa = PBXBuildFile; fileRef = 75ADACF51E626F90007D93A9 /* CutomViewCase1.xib */; };
		75ADAD2F1E626F90007D93A9 /* BCScrollView.m in Sources */ = {isa = PBXBuildFile; fileRef = 75ADACF91E626F90007D93A9 /* BCScrollView.m */; };
		75ADAD301E626F90007D93A9 /* cgf_classification_line@2x.png in Resources */ = {isa = PBXBuildFile; fileRef = 75ADACFA1E626F90007D93A9 /* cgf_classification_line@2x.png */; };
		75ADAD311E626F90007D93A9 /* cgf_classification_line@3x.png in Resources */ = {isa = PBXBuildFile; fileRef = 75ADACFB1E626F90007D93A9 /* cgf_classification_line@3x.png */; };
		75ADAD321E626F90007D93A9 /* cgf_classification_open@2x.png in Resources */ = {isa = PBXBuildFile; fileRef = 75ADACFC1E626F90007D93A9 /* cgf_classification_open@2x.png */; };
		75ADAD331E626F90007D93A9 /* cgf_classification_open@3x.png in Resources */ = {isa = PBXBuildFile; fileRef = 75ADACFD1E626F90007D93A9 /* cgf_classification_open@3x.png */; };
		75ADAD341E626F90007D93A9 /* cgf_classification_shut@2x.png in Resources */ = {isa = PBXBuildFile; fileRef = 75ADACFE1E626F90007D93A9 /* cgf_classification_shut@2x.png */; };
		75ADAD351E626F90007D93A9 /* cgf_classification_shut@3x.png in Resources */ = {isa = PBXBuildFile; fileRef = 75ADACFF1E626F90007D93A9 /* cgf_classification_shut@3x.png */; };
		75ADAD361E626F90007D93A9 /* HubViewCaseVC.m in Sources */ = {isa = PBXBuildFile; fileRef = 75ADAD011E626F90007D93A9 /* HubViewCaseVC.m */; };
		75ADAD371E626F90007D93A9 /* HubViewCaseVC.xib in Resources */ = {isa = PBXBuildFile; fileRef = 75ADAD021E626F90007D93A9 /* HubViewCaseVC.xib */; };
		75ADAD381E626F90007D93A9 /* scroll_shadow@2x.png in Resources */ = {isa = PBXBuildFile; fileRef = 75ADAD031E626F90007D93A9 /* scroll_shadow@2x.png */; };
		75ADAD391E626F90007D93A9 /* autolayout1.png in Resources */ = {isa = PBXBuildFile; fileRef = 75ADAD051E626F90007D93A9 /* autolayout1.png */; };
		75ADAD3A1E626F90007D93A9 /* autolayout2.png in Resources */ = {isa = PBXBuildFile; fileRef = 75ADAD061E626F90007D93A9 /* autolayout2.png */; };
		75ADAD3B1E626F90007D93A9 /* autolayout3.png in Resources */ = {isa = PBXBuildFile; fileRef = 75ADAD071E626F90007D93A9 /* autolayout3.png */; };
		75ADAD3C1E626F90007D93A9 /* autolayout4.jpg in Resources */ = {isa = PBXBuildFile; fileRef = 75ADAD081E626F90007D93A9 /* autolayout4.jpg */; };
		75ADAD3D1E626F90007D93A9 /* AutoLayoutCaseVC.m in Sources */ = {isa = PBXBuildFile; fileRef = 75ADAD0A1E626F90007D93A9 /* AutoLayoutCaseVC.m */; };
		75ADAD3E1E626F90007D93A9 /* AutoLayoutCaseVC.xib in Resources */ = {isa = PBXBuildFile; fileRef = 75ADAD0B1E626F90007D93A9 /* AutoLayoutCaseVC.xib */; };
		75ADAD3F1E626F90007D93A9 /* Masonry.jpg in Resources */ = {isa = PBXBuildFile; fileRef = 75ADAD0C1E626F90007D93A9 /* Masonry.jpg */; };
		75ADAD401E626F90007D93A9 /* MasonryCaseVC.m in Sources */ = {isa = PBXBuildFile; fileRef = 75ADAD0E1E626F90007D93A9 /* MasonryCaseVC.m */; };
		75ADAD411E626F90007D93A9 /* MasonryCaseVC.xib in Resources */ = {isa = PBXBuildFile; fileRef = 75ADAD0F1E626F90007D93A9 /* MasonryCaseVC.xib */; };
		75ADAD421E626F90007D93A9 /* UICollectionViewVC.m in Sources */ = {isa = PBXBuildFile; fileRef = 75ADAD131E626F90007D93A9 /* UICollectionViewVC.m */; };
		75ADAD431E626F90007D93A9 /* UICollectionViewVC.xib in Resources */ = {isa = PBXBuildFile; fileRef = 75ADAD141E626F90007D93A9 /* UICollectionViewVC.xib */; };
		75ADAD441E626F90007D93A9 /* UITableViewCaseCell.m in Sources */ = {isa = PBXBuildFile; fileRef = 75ADAD161E626F90007D93A9 /* UITableViewCaseCell.m */; };
		75ADAD451E626F90007D93A9 /* UITableViewCaseCell.xib in Resources */ = {isa = PBXBuildFile; fileRef = 75ADAD171E626F90007D93A9 /* UITableViewCaseCell.xib */; };
		75ADAD461E626F90007D93A9 /* UITableViewCaseVC.m in Sources */ = {isa = PBXBuildFile; fileRef = 75ADAD191E626F90007D93A9 /* UITableViewCaseVC.m */; };
		75ADAD471E626F90007D93A9 /* UITableViewCaseVC.xib in Resources */ = {isa = PBXBuildFile; fileRef = 75ADAD1A1E626F90007D93A9 /* UITableViewCaseVC.xib */; };
		B167EBF62991D7C480AEFD25 /* libPods-ShenHua.a in Frameworks */ = {isa = PBXBuildFile; fileRef = 06A55C993E31166E5D9B3031 /* libPods-ShenHua.a */; };
		FC3566891E56DAD200CEC4AD /* ProductModel.m in Sources */ = {isa = PBXBuildFile; fileRef = FC3566881E56DAD200CEC4AD /* ProductModel.m */; };
		FC35668D1E56FBBF00CEC4AD /* ProductListViewController.m in Sources */ = {isa = PBXBuildFile; fileRef = FC35668B1E56FBBF00CEC4AD /* ProductListViewController.m */; };
		FC35668E1E56FBBF00CEC4AD /* ProductListViewController.xib in Resources */ = {isa = PBXBuildFile; fileRef = FC35668C1E56FBBF00CEC4AD /* ProductListViewController.xib */; };
		FC3566921E56FBD500CEC4AD /* ProductDetailViewController.m in Sources */ = {isa = PBXBuildFile; fileRef = FC3566901E56FBD500CEC4AD /* ProductDetailViewController.m */; };
		FC3566931E56FBD500CEC4AD /* ProductDetailViewController.xib in Resources */ = {isa = PBXBuildFile; fileRef = FC3566911E56FBD500CEC4AD /* ProductDetailViewController.xib */; };
		FC5F6F611C8987390023AEAF /* CoreLocation.framework in Frameworks */ = {isa = PBXBuildFile; fileRef = FC5F6F601C8987390023AEAF /* CoreLocation.framework */; };
		FC668B931E519BCD00610A97 /* CartViewController.m in Sources */ = {isa = PBXBuildFile; fileRef = FC668B911E519BCD00610A97 /* CartViewController.m */; };
		FC668B941E519BCD00610A97 /* CartViewController.xib in Resources */ = {isa = PBXBuildFile; fileRef = FC668B921E519BCD00610A97 /* CartViewController.xib */; };
		FCA9EA051E37312F00FF677C /* BaseNavigationController.m in Sources */ = {isa = PBXBuildFile; fileRef = FCA9E95A1E37312F00FF677C /* BaseNavigationController.m */; };
		FCA9EA061E37312F00FF677C /* BaseTabBarController.m in Sources */ = {isa = PBXBuildFile; fileRef = FCA9E95C1E37312F00FF677C /* BaseTabBarController.m */; };
		FCA9EA071E37312F00FF677C /* BaseTableViewController.m in Sources */ = {isa = PBXBuildFile; fileRef = FCA9E95E1E37312F00FF677C /* BaseTableViewController.m */; };
		FCA9EA081E37312F00FF677C /* BaseViewController.m in Sources */ = {isa = PBXBuildFile; fileRef = FCA9E9601E37312F00FF677C /* BaseViewController.m */; };
		FCA9EA091E37312F00FF677C /* CellModel.m in Sources */ = {isa = PBXBuildFile; fileRef = FCA9E9621E37312F00FF677C /* CellModel.m */; };
		FCA9EA0A1E37312F00FF677C /* Toast.m in Sources */ = {isa = PBXBuildFile; fileRef = FCA9E9641E37312F00FF677C /* Toast.m */; };
		FCA9EA0B1E37312F00FF677C /* NSData+SDCategory.m in Sources */ = {isa = PBXBuildFile; fileRef = FCA9E9681E37312F00FF677C /* NSData+SDCategory.m */; };
		FCA9EA0C1E37312F00FF677C /* NSObject+SDCategory.m in Sources */ = {isa = PBXBuildFile; fileRef = FCA9E96A1E37312F00FF677C /* NSObject+SDCategory.m */; };
		FCA9EA0D1E37312F00FF677C /* NSString+SDCategory.m in Sources */ = {isa = PBXBuildFile; fileRef = FCA9E96C1E37312F00FF677C /* NSString+SDCategory.m */; };
		FCA9EA0E1E37312F00FF677C /* UIButton+SDCategory.m in Sources */ = {isa = PBXBuildFile; fileRef = FCA9E96E1E37312F00FF677C /* UIButton+SDCategory.m */; };
		FCA9EA0F1E37312F00FF677C /* UIColor+SDCategory.m in Sources */ = {isa = PBXBuildFile; fileRef = FCA9E9701E37312F00FF677C /* UIColor+SDCategory.m */; };
		FCA9EA101E37312F00FF677C /* UIImage+SDCategory.m in Sources */ = {isa = PBXBuildFile; fileRef = FCA9E9721E37312F00FF677C /* UIImage+SDCategory.m */; };
		FCA9EA111E37312F00FF677C /* UIImageView+SDCategory.m in Sources */ = {isa = PBXBuildFile; fileRef = FCA9E9741E37312F00FF677C /* UIImageView+SDCategory.m */; };
		FCA9EA121E37312F00FF677C /* UILabel+SDCategory.m in Sources */ = {isa = PBXBuildFile; fileRef = FCA9E9761E37312F00FF677C /* UILabel+SDCategory.m */; };
		FCA9EA131E37312F00FF677C /* UITextField+SDCategory.m in Sources */ = {isa = PBXBuildFile; fileRef = FCA9E9781E37312F00FF677C /* UITextField+SDCategory.m */; };
		FCA9EA141E37312F00FF677C /* UIView+SDCategory.m in Sources */ = {isa = PBXBuildFile; fileRef = FCA9E97A1E37312F00FF677C /* UIView+SDCategory.m */; };
		FCA9EA151E37312F00FF677C /* UIViewController+SDCategory.m in Sources */ = {isa = PBXBuildFile; fileRef = FCA9E97C1E37312F00FF677C /* UIViewController+SDCategory.m */; };
		FCA9EA161E37312F00FF677C /* UIWebView+SDCategory.m in Sources */ = {isa = PBXBuildFile; fileRef = FCA9E97E1E37312F00FF677C /* UIWebView+SDCategory.m */; };
		FCA9EA181E37312F00FF677C /* AboutVC.m in Sources */ = {isa = PBXBuildFile; fileRef = FCA9E9871E37312F00FF677C /* AboutVC.m */; };
		FCA9EA191E37312F00FF677C /* AboutVC.xib in Resources */ = {isa = PBXBuildFile; fileRef = FCA9E9881E37312F00FF677C /* AboutVC.xib */; };
		FCA9EA1A1E37312F00FF677C /* FeedBackVC.m in Sources */ = {isa = PBXBuildFile; fileRef = FCA9E98A1E37312F00FF677C /* FeedBackVC.m */; };
		FCA9EA1B1E37312F00FF677C /* FeedBackVC.xib in Resources */ = {isa = PBXBuildFile; fileRef = FCA9E98B1E37312F00FF677C /* FeedBackVC.xib */; };
		FCA9EA1C1E37312F00FF677C /* LicensePageVC.m in Sources */ = {isa = PBXBuildFile; fileRef = FCA9E98D1E37312F00FF677C /* LicensePageVC.m */; };
		FCA9EA1D1E37312F00FF677C /* LicensePageVC.xib in Resources */ = {isa = PBXBuildFile; fileRef = FCA9E98E1E37312F00FF677C /* LicensePageVC.xib */; };
		FCA9EA1E1E37312F00FF677C /* FiveVC.m in Sources */ = {isa = PBXBuildFile; fileRef = FCA9E9901E37312F00FF677C /* FiveVC.m */; };
		FCA9EA1F1E37312F00FF677C /* FiveVC.xib in Resources */ = {isa = PBXBuildFile; fileRef = FCA9E9911E37312F00FF677C /* FiveVC.xib */; };
		FCA9EA201E37312F00FF677C /* WinXinFindVC.m in Sources */ = {isa = PBXBuildFile; fileRef = FCA9E9941E37312F00FF677C /* WinXinFindVC.m */; };
		FCA9EA211E37312F00FF677C /* WinXinFindVC.xib in Resources */ = {isa = PBXBuildFile; fileRef = FCA9E9951E37312F00FF677C /* WinXinFindVC.xib */; };
		FCA9EA221E37312F00FF677C /* 微信-发现.jpg in Resources */ = {isa = PBXBuildFile; fileRef = FCA9E9961E37312F00FF677C /* 微信-发现.jpg */; };
		FCA9EA231E37312F00FF677C /* FourVC.m in Sources */ = {isa = PBXBuildFile; fileRef = FCA9E9991E37312F00FF677C /* FourVC.m */; };
		FCA9EA241E37312F00FF677C /* FourVC.xib in Resources */ = {isa = PBXBuildFile; fileRef = FCA9E99A1E37312F00FF677C /* FourVC.xib */; };
		FCA9EA251E37312F00FF677C /* Command.m in Sources */ = {isa = PBXBuildFile; fileRef = FCA9E99D1E37312F00FF677C /* Command.m */; };
		FCA9EA261E37312F00FF677C /* LocateCityCommand.m in Sources */ = {isa = PBXBuildFile; fileRef = FCA9E99F1E37312F00FF677C /* LocateCityCommand.m */; };
		FCA9EA271E37312F00FF677C /* LoginViewController.m in Sources */ = {isa = PBXBuildFile; fileRef = FCA9E9A11E37312F00FF677C /* LoginViewController.m */; };
		FCA9EA281E37312F00FF677C /* LoginViewController.xib in Resources */ = {isa = PBXBuildFile; fileRef = FCA9E9A21E37312F00FF677C /* LoginViewController.xib */; };
		FCA9EA291E37312F00FF677C /* SDGuideViewController.m in Sources */ = {isa = PBXBuildFile; fileRef = FCA9E9A41E37312F00FF677C /* SDGuideViewController.m */; };
		FCA9EA2A1E37312F00FF677C /* SDGuideViewController.xib in Resources */ = {isa = PBXBuildFile; fileRef = FCA9E9A51E37312F00FF677C /* SDGuideViewController.xib */; };
		FCA9EA2B1E37312F00FF677C /* OneVC.m in Sources */ = {isa = PBXBuildFile; fileRef = FCA9E9A81E37312F00FF677C /* OneVC.m */; };
		FCA9EA2C1E37312F00FF677C /* OneVC.xib in Resources */ = {isa = PBXBuildFile; fileRef = FCA9E9A91E37312F00FF677C /* OneVC.xib */; };
		FCA9EA2D1E37312F00FF677C /* ThreeVC.m in Sources */ = {isa = PBXBuildFile; fileRef = FCA9E9AC1E37312F00FF677C /* ThreeVC.m */; };
		FCA9EA2E1E37312F00FF677C /* ThreeVC.xib in Resources */ = {isa = PBXBuildFile; fileRef = FCA9E9AD1E37312F00FF677C /* ThreeVC.xib */; };
		FCA9EA2F1E37312F00FF677C /* TwoVC.m in Sources */ = {isa = PBXBuildFile; fileRef = FCA9E9B01E37312F00FF677C /* TwoVC.m */; };
		FCA9EA301E37312F00FF677C /* TwoVC.xib in Resources */ = {isa = PBXBuildFile; fileRef = FCA9E9B11E37312F00FF677C /* TwoVC.xib */; };
		FCA9EA311E37312F00FF677C /* CacheManager.m in Sources */ = {isa = PBXBuildFile; fileRef = FCA9E9B41E37312F00FF677C /* CacheManager.m */; };
		FCA9EA321E37312F00FF677C /* DBTool.m in Sources */ = {isa = PBXBuildFile; fileRef = FCA9E9B61E37312F00FF677C /* DBTool.m */; };
		FCA9EA331E37312F00FF677C /* SDCache.m in Sources */ = {isa = PBXBuildFile; fileRef = FCA9E9B81E37312F00FF677C /* SDCache.m */; };
		FCA9EA5E1E37313000FF677C /* OSLicense.html in Resources */ = {isa = PBXBuildFile; fileRef = FCA9E9FD1E37312F00FF677C /* OSLicense.html */; };
		FCA9EA5F1E37313000FF677C /* Store.m in Sources */ = {isa = PBXBuildFile; fileRef = FCA9EA001E37312F00FF677C /* Store.m */; };
		FCA9EA601E37313000FF677C /* Tool.m in Sources */ = {isa = PBXBuildFile; fileRef = FCA9EA021E37312F00FF677C /* Tool.m */; };
/* End PBXBuildFile section */

/* Begin PBXFileReference section */
		06A55C993E31166E5D9B3031 /* libPods-ShenHua.a */ = {isa = PBXFileReference; explicitFileType = archive.ar; includeInIndex = 0; path = "libPods-ShenHua.a"; sourceTree = BUILT_PRODUCTS_DIR; };
		272CD3FC790BF4EC82942BEE /* Pods-ShenHua.release.xcconfig */ = {isa = PBXFileReference; includeInIndex = 1; lastKnownFileType = text.xcconfig; name = "Pods-ShenHua.release.xcconfig"; path = "Pods/Target Support Files/Pods-ShenHua/Pods-ShenHua.release.xcconfig"; sourceTree = "<group>"; };
		751707C61B4620F6007F1AE2 /* ShenHua.app */ = {isa = PBXFileReference; explicitFileType = wrapper.application; includeInIndex = 0; path = ShenHua.app; sourceTree = BUILT_PRODUCTS_DIR; };
		751707CA1B4620F6007F1AE2 /* Info.plist */ = {isa = PBXFileReference; lastKnownFileType = text.plist.xml; path = Info.plist; sourceTree = "<group>"; };
		751707CB1B4620F6007F1AE2 /* main.m */ = {isa = PBXFileReference; lastKnownFileType = sourcecode.c.objc; path = main.m; sourceTree = "<group>"; };
		751707CD1B4620F6007F1AE2 /* AppDelegate.h */ = {isa = PBXFileReference; lastKnownFileType = sourcecode.c.h; name = AppDelegate.h; path = ShenHua/AppDelegate.h; sourceTree = SOURCE_ROOT; };
		751707CE1B4620F6007F1AE2 /* AppDelegate.m */ = {isa = PBXFileReference; lastKnownFileType = sourcecode.c.objc; name = AppDelegate.m; path = ShenHua/AppDelegate.m; sourceTree = SOURCE_ROOT; };
		751707D61B4620F6007F1AE2 /* Images.xcassets */ = {isa = PBXFileReference; lastKnownFileType = folder.assetcatalog; path = Images.xcassets; sourceTree = "<group>"; };
		751707E41B4620F6007F1AE2 /* Info.plist */ = {isa = PBXFileReference; lastKnownFileType = text.plist.xml; path = Info.plist; sourceTree = "<group>"; };
		751707E51B4620F6007F1AE2 /* ShenHuaTests.m */ = {isa = PBXFileReference; lastKnownFileType = sourcecode.c.objc; path = ShenHuaTests.m; sourceTree = "<group>"; };
		759DDABD1E40410300175959 /* README.md */ = {isa = PBXFileReference; fileEncoding = 4; lastKnownFileType = net.daringfireball.markdown; path = README.md; sourceTree = SOURCE_ROOT; };
		759DDAC41E40C91100175959 /* TestViewController.h */ = {isa = PBXFileReference; fileEncoding = 4; lastKnownFileType = sourcecode.c.h; name = TestViewController.h; path = ShenHua/TestViewController.h; sourceTree = SOURCE_ROOT; };
		759DDAC51E40C91100175959 /* TestViewController.m */ = {isa = PBXFileReference; fileEncoding = 4; lastKnownFileType = sourcecode.c.objc; name = TestViewController.m; path = ShenHua/TestViewController.m; sourceTree = SOURCE_ROOT; };
		759DDAC61E40C91100175959 /* TestViewController.xib */ = {isa = PBXFileReference; fileEncoding = 4; lastKnownFileType = file.xib; name = TestViewController.xib; path = ShenHua/TestViewController.xib; sourceTree = SOURCE_ROOT; };
		759DDADB1E4706FF00175959 /* Test2ViewController.h */ = {isa = PBXFileReference; fileEncoding = 4; lastKnownFileType = sourcecode.c.h; name = Test2ViewController.h; path = ShenHua/Test2ViewController.h; sourceTree = SOURCE_ROOT; };
		759DDADC1E4706FF00175959 /* Test2ViewController.m */ = {isa = PBXFileReference; fileEncoding = 4; lastKnownFileType = sourcecode.c.objc; name = Test2ViewController.m; path = ShenHua/Test2ViewController.m; sourceTree = SOURCE_ROOT; };
		759DDADD1E4706FF00175959 /* Test2ViewController.xib */ = {isa = PBXFileReference; fileEncoding = 4; lastKnownFileType = file.xib; name = Test2ViewController.xib; path = ShenHua/Test2ViewController.xib; sourceTree = SOURCE_ROOT; };
		759DDAE01E47085F00175959 /* CustomView.h */ = {isa = PBXFileReference; fileEncoding = 4; lastKnownFileType = sourcecode.c.h; name = CustomView.h; path = ShenHua/CustomView.h; sourceTree = SOURCE_ROOT; };
		759DDAE11E47085F00175959 /* CustomView.m */ = {isa = PBXFileReference; fileEncoding = 4; lastKnownFileType = sourcecode.c.objc; name = CustomView.m; path = ShenHua/CustomView.m; sourceTree = SOURCE_ROOT; };
		759DDAE31E47086E00175959 /* CustomView.xib */ = {isa = PBXFileReference; fileEncoding = 4; lastKnownFileType = file.xib; name = CustomView.xib; path = ShenHua/CustomView.xib; sourceTree = SOURCE_ROOT; };
		759DDAE51E470CDB00175959 /* Person.h */ = {isa = PBXFileReference; fileEncoding = 4; lastKnownFileType = sourcecode.c.h; name = Person.h; path = ShenHua/Person.h; sourceTree = SOURCE_ROOT; };
		759DDAE61E470CDB00175959 /* Person.m */ = {isa = PBXFileReference; fileEncoding = 4; lastKnownFileType = sourcecode.c.objc; name = Person.m; path = ShenHua/Person.m; sourceTree = SOURCE_ROOT; };
		759DDAE81E470FA000175959 /* Dog.h */ = {isa = PBXFileReference; fileEncoding = 4; lastKnownFileType = sourcecode.c.h; name = Dog.h; path = ShenHua/Dog.h; sourceTree = SOURCE_ROOT; };
		759DDAE91E470FA000175959 /* Dog.m */ = {isa = PBXFileReference; fileEncoding = 4; lastKnownFileType = sourcecode.c.objc; name = Dog.m; path = ShenHua/Dog.m; sourceTree = SOURCE_ROOT; };
		75ADACE31E61B5A9007D93A9 /* ProductListCell.h */ = {isa = PBXFileReference; fileEncoding = 4; lastKnownFileType = sourcecode.c.h; path = ProductListCell.h; sourceTree = "<group>"; };
		75ADACE41E61B5A9007D93A9 /* ProductListCell.m */ = {isa = PBXFileReference; fileEncoding = 4; lastKnownFileType = sourcecode.c.objc; path = ProductListCell.m; sourceTree = "<group>"; };
		75ADACE51E61B5A9007D93A9 /* ProductListCell.xib */ = {isa = PBXFileReference; fileEncoding = 4; lastKnownFileType = file.xib; path = ProductListCell.xib; sourceTree = "<group>"; };
		75ADACE81E61B6E0007D93A9 /* ProductListTwoCell.h */ = {isa = PBXFileReference; fileEncoding = 4; lastKnownFileType = sourcecode.c.h; path = ProductListTwoCell.h; sourceTree = "<group>"; };
		75ADACE91E61B6E0007D93A9 /* ProductListTwoCell.m */ = {isa = PBXFileReference; fileEncoding = 4; lastKnownFileType = sourcecode.c.objc; path = ProductListTwoCell.m; sourceTree = "<group>"; };
		75ADACEC1E626F90007D93A9 /* AnimCaseVC.h */ = {isa = PBXFileReference; fileEncoding = 4; lastKnownFileType = sourcecode.c.h; path = AnimCaseVC.h; sourceTree = "<group>"; };
		75ADACED1E626F90007D93A9 /* AnimCaseVC.m */ = {isa = PBXFileReference; fileEncoding = 4; lastKnownFileType = sourcecode.c.objc; path = AnimCaseVC.m; sourceTree = "<group>"; };
		75ADACEE1E626F90007D93A9 /* AnimCaseVC.xib */ = {isa = PBXFileReference; fileEncoding = 4; lastKnownFileType = file.xib; path = AnimCaseVC.xib; sourceTree = "<group>"; };
		75ADACF01E626F90007D93A9 /* CustomViewCaseController.h */ = {isa = PBXFileReference; fileEncoding = 4; lastKnownFileType = sourcecode.c.h; path = CustomViewCaseController.h; sourceTree = "<group>"; };
		75ADACF11E626F90007D93A9 /* CustomViewCaseController.m */ = {isa = PBXFileReference; fileEncoding = 4; lastKnownFileType = sourcecode.c.objc; path = CustomViewCaseController.m; sourceTree = "<group>"; };
		75ADACF21E626F90007D93A9 /* CustomViewCaseController.xib */ = {isa = PBXFileReference; fileEncoding = 4; lastKnownFileType = file.xib; path = CustomViewCaseController.xib; sourceTree = "<group>"; };
		75ADACF31E626F90007D93A9 /* CutomViewCase1.h */ = {isa = PBXFileReference; fileEncoding = 4; lastKnownFileType = sourcecode.c.h; path = CutomViewCase1.h; sourceTree = "<group>"; };
		75ADACF41E626F90007D93A9 /* CutomViewCase1.m */ = {isa = PBXFileReference; fileEncoding = 4; lastKnownFileType = sourcecode.c.objc; path = CutomViewCase1.m; sourceTree = "<group>"; };
		75ADACF51E626F90007D93A9 /* CutomViewCase1.xib */ = {isa = PBXFileReference; fileEncoding = 4; lastKnownFileType = file.xib; path = CutomViewCase1.xib; sourceTree = "<group>"; };
		75ADACF81E626F90007D93A9 /* BCScrollView.h */ = {isa = PBXFileReference; fileEncoding = 4; lastKnownFileType = sourcecode.c.h; path = BCScrollView.h; sourceTree = "<group>"; };
		75ADACF91E626F90007D93A9 /* BCScrollView.m */ = {isa = PBXFileReference; fileEncoding = 4; lastKnownFileType = sourcecode.c.objc; path = BCScrollView.m; sourceTree = "<group>"; };
		75ADACFA1E626F90007D93A9 /* cgf_classification_line@2x.png */ = {isa = PBXFileReference; lastKnownFileType = image.png; path = "cgf_classification_line@2x.png"; sourceTree = "<group>"; };
		75ADACFB1E626F90007D93A9 /* cgf_classification_line@3x.png */ = {isa = PBXFileReference; lastKnownFileType = image.png; path = "cgf_classification_line@3x.png"; sourceTree = "<group>"; };
		75ADACFC1E626F90007D93A9 /* cgf_classification_open@2x.png */ = {isa = PBXFileReference; lastKnownFileType = image.png; path = "cgf_classification_open@2x.png"; sourceTree = "<group>"; };
		75ADACFD1E626F90007D93A9 /* cgf_classification_open@3x.png */ = {isa = PBXFileReference; lastKnownFileType = image.png; path = "cgf_classification_open@3x.png"; sourceTree = "<group>"; };
		75ADACFE1E626F90007D93A9 /* cgf_classification_shut@2x.png */ = {isa = PBXFileReference; lastKnownFileType = image.png; path = "cgf_classification_shut@2x.png"; sourceTree = "<group>"; };
		75ADACFF1E626F90007D93A9 /* cgf_classification_shut@3x.png */ = {isa = PBXFileReference; lastKnownFileType = image.png; path = "cgf_classification_shut@3x.png"; sourceTree = "<group>"; };
		75ADAD001E626F90007D93A9 /* HubViewCaseVC.h */ = {isa = PBXFileReference; fileEncoding = 4; lastKnownFileType = sourcecode.c.h; path = HubViewCaseVC.h; sourceTree = "<group>"; };
		75ADAD011E626F90007D93A9 /* HubViewCaseVC.m */ = {isa = PBXFileReference; fileEncoding = 4; lastKnownFileType = sourcecode.c.objc; path = HubViewCaseVC.m; sourceTree = "<group>"; };
		75ADAD021E626F90007D93A9 /* HubViewCaseVC.xib */ = {isa = PBXFileReference; fileEncoding = 4; lastKnownFileType = file.xib; path = HubViewCaseVC.xib; sourceTree = "<group>"; };
		75ADAD031E626F90007D93A9 /* scroll_shadow@2x.png */ = {isa = PBXFileReference; lastKnownFileType = image.png; path = "scroll_shadow@2x.png"; sourceTree = "<group>"; };
		75ADAD051E626F90007D93A9 /* autolayout1.png */ = {isa = PBXFileReference; lastKnownFileType = image.png; path = autolayout1.png; sourceTree = "<group>"; };
		75ADAD061E626F90007D93A9 /* autolayout2.png */ = {isa = PBXFileReference; lastKnownFileType = image.png; path = autolayout2.png; sourceTree = "<group>"; };
		75ADAD071E626F90007D93A9 /* autolayout3.png */ = {isa = PBXFileReference; lastKnownFileType = image.png; path = autolayout3.png; sourceTree = "<group>"; };
		75ADAD081E626F90007D93A9 /* autolayout4.jpg */ = {isa = PBXFileReference; lastKnownFileType = image.jpeg; path = autolayout4.jpg; sourceTree = "<group>"; };
		75ADAD091E626F90007D93A9 /* AutoLayoutCaseVC.h */ = {isa = PBXFileReference; fileEncoding = 4; lastKnownFileType = sourcecode.c.h; path = AutoLayoutCaseVC.h; sourceTree = "<group>"; };
		75ADAD0A1E626F90007D93A9 /* AutoLayoutCaseVC.m */ = {isa = PBXFileReference; fileEncoding = 4; lastKnownFileType = sourcecode.c.objc; path = AutoLayoutCaseVC.m; sourceTree = "<group>"; };
		75ADAD0B1E626F90007D93A9 /* AutoLayoutCaseVC.xib */ = {isa = PBXFileReference; fileEncoding = 4; lastKnownFileType = file.xib; path = AutoLayoutCaseVC.xib; sourceTree = "<group>"; };
		75ADAD0C1E626F90007D93A9 /* Masonry.jpg */ = {isa = PBXFileReference; lastKnownFileType = image.jpeg; path = Masonry.jpg; sourceTree = "<group>"; };
		75ADAD0D1E626F90007D93A9 /* MasonryCaseVC.h */ = {isa = PBXFileReference; fileEncoding = 4; lastKnownFileType = sourcecode.c.h; path = MasonryCaseVC.h; sourceTree = "<group>"; };
		75ADAD0E1E626F90007D93A9 /* MasonryCaseVC.m */ = {isa = PBXFileReference; fileEncoding = 4; lastKnownFileType = sourcecode.c.objc; path = MasonryCaseVC.m; sourceTree = "<group>"; };
		75ADAD0F1E626F90007D93A9 /* MasonryCaseVC.xib */ = {isa = PBXFileReference; fileEncoding = 4; lastKnownFileType = file.xib; path = MasonryCaseVC.xib; sourceTree = "<group>"; };
		75ADAD121E626F90007D93A9 /* UICollectionViewVC.h */ = {isa = PBXFileReference; fileEncoding = 4; lastKnownFileType = sourcecode.c.h; path = UICollectionViewVC.h; sourceTree = "<group>"; };
		75ADAD131E626F90007D93A9 /* UICollectionViewVC.m */ = {isa = PBXFileReference; fileEncoding = 4; lastKnownFileType = sourcecode.c.objc; path = UICollectionViewVC.m; sourceTree = "<group>"; };
		75ADAD141E626F90007D93A9 /* UICollectionViewVC.xib */ = {isa = PBXFileReference; fileEncoding = 4; lastKnownFileType = file.xib; path = UICollectionViewVC.xib; sourceTree = "<group>"; };
		75ADAD151E626F90007D93A9 /* UITableViewCaseCell.h */ = {isa = PBXFileReference; fileEncoding = 4; lastKnownFileType = sourcecode.c.h; path = UITableViewCaseCell.h; sourceTree = "<group>"; };
		75ADAD161E626F90007D93A9 /* UITableViewCaseCell.m */ = {isa = PBXFileReference; fileEncoding = 4; lastKnownFileType = sourcecode.c.objc; path = UITableViewCaseCell.m; sourceTree = "<group>"; };
		75ADAD171E626F90007D93A9 /* UITableViewCaseCell.xib */ = {isa = PBXFileReference; fileEncoding = 4; lastKnownFileType = file.xib; path = UITableViewCaseCell.xib; sourceTree = "<group>"; };
		75ADAD181E626F90007D93A9 /* UITableViewCaseVC.h */ = {isa = PBXFileReference; fileEncoding = 4; lastKnownFileType = sourcecode.c.h; path = UITableViewCaseVC.h; sourceTree = "<group>"; };
		75ADAD191E626F90007D93A9 /* UITableViewCaseVC.m */ = {isa = PBXFileReference; fileEncoding = 4; lastKnownFileType = sourcecode.c.objc; path = UITableViewCaseVC.m; sourceTree = "<group>"; };
		75ADAD1A1E626F90007D93A9 /* UITableViewCaseVC.xib */ = {isa = PBXFileReference; fileEncoding = 4; lastKnownFileType = file.xib; path = UITableViewCaseVC.xib; sourceTree = "<group>"; };
		75ADAD201E626F90007D93A9 /* 备份.md */ = {isa = PBXFileReference; fileEncoding = 4; lastKnownFileType = net.daringfireball.markdown; path = "备份.md"; sourceTree = "<group>"; };
		75ADAD211E626F90007D93A9 /* 审核.md */ = {isa = PBXFileReference; fileEncoding = 4; lastKnownFileType = net.daringfireball.markdown; path = "审核.md"; sourceTree = "<group>"; };
		75ADAD221E626F90007D93A9 /* 工作.md */ = {isa = PBXFileReference; fileEncoding = 4; lastKnownFileType = net.daringfireball.markdown; path = "工作.md"; sourceTree = "<group>"; };
		75ADAD231E626F90007D93A9 /* 工具.md */ = {isa = PBXFileReference; fileEncoding = 4; lastKnownFileType = net.daringfireball.markdown; path = "工具.md"; sourceTree = "<group>"; };
		75ADAD241E626F90007D93A9 /* 文章.md */ = {isa = PBXFileReference; fileEncoding = 4; lastKnownFileType = net.daringfireball.markdown; path = "文章.md"; sourceTree = "<group>"; };
		75ADAD251E626F90007D93A9 /* 构架.md */ = {isa = PBXFileReference; fileEncoding = 4; lastKnownFileType = net.daringfireball.markdown; path = "构架.md"; sourceTree = "<group>"; };
		75ADAD261E626F90007D93A9 /* 管理.md */ = {isa = PBXFileReference; fileEncoding = 4; lastKnownFileType = net.daringfireball.markdown; path = "管理.md"; sourceTree = "<group>"; };
		75ADAD271E626F90007D93A9 /* 经验.md */ = {isa = PBXFileReference; fileEncoding = 4; lastKnownFileType = net.daringfireball.markdown; path = "经验.md"; sourceTree = "<group>"; };
		75ADAD281E626F90007D93A9 /* 逆向.md */ = {isa = PBXFileReference; fileEncoding = 4; lastKnownFileType = net.daringfireball.markdown; path = "逆向.md"; sourceTree = "<group>"; };
		75D9A8901B4E966900C4CB34 /* ShenHua-Prefix.pch */ = {isa = PBXFileReference; lastKnownFileType = sourcecode.c.h; path = "ShenHua-Prefix.pch"; sourceTree = "<group>"; };
		8614D95EDFFC612247624D9D /* Pods-ShenHua.debug.xcconfig */ = {isa = PBXFileReference; includeInIndex = 1; lastKnownFileType = text.xcconfig; name = "Pods-ShenHua.debug.xcconfig"; path = "Pods/Target Support Files/Pods-ShenHua/Pods-ShenHua.debug.xcconfig"; sourceTree = "<group>"; };
		FC3566871E56DAD200CEC4AD /* ProductModel.h */ = {isa = PBXFileReference; fileEncoding = 4; lastKnownFileType = sourcecode.c.h; path = ProductModel.h; sourceTree = "<group>"; };
		FC3566881E56DAD200CEC4AD /* ProductModel.m */ = {isa = PBXFileReference; fileEncoding = 4; lastKnownFileType = sourcecode.c.objc; path = ProductModel.m; sourceTree = "<group>"; };
		FC35668A1E56FBBF00CEC4AD /* ProductListViewController.h */ = {isa = PBXFileReference; fileEncoding = 4; lastKnownFileType = sourcecode.c.h; path = ProductListViewController.h; sourceTree = "<group>"; };
		FC35668B1E56FBBF00CEC4AD /* ProductListViewController.m */ = {isa = PBXFileReference; fileEncoding = 4; lastKnownFileType = sourcecode.c.objc; path = ProductListViewController.m; sourceTree = "<group>"; };
		FC35668C1E56FBBF00CEC4AD /* ProductListViewController.xib */ = {isa = PBXFileReference; fileEncoding = 4; lastKnownFileType = file.xib; path = ProductListViewController.xib; sourceTree = "<group>"; };
		FC35668F1E56FBD500CEC4AD /* ProductDetailViewController.h */ = {isa = PBXFileReference; fileEncoding = 4; lastKnownFileType = sourcecode.c.h; path = ProductDetailViewController.h; sourceTree = "<group>"; };
		FC3566901E56FBD500CEC4AD /* ProductDetailViewController.m */ = {isa = PBXFileReference; fileEncoding = 4; lastKnownFileType = sourcecode.c.objc; path = ProductDetailViewController.m; sourceTree = "<group>"; };
		FC3566911E56FBD500CEC4AD /* ProductDetailViewController.xib */ = {isa = PBXFileReference; fileEncoding = 4; lastKnownFileType = file.xib; path = ProductDetailViewController.xib; sourceTree = "<group>"; };
		FC5F6F601C8987390023AEAF /* CoreLocation.framework */ = {isa = PBXFileReference; lastKnownFileType = wrapper.framework; name = CoreLocation.framework; path = System/Library/Frameworks/CoreLocation.framework; sourceTree = SDKROOT; };
		FC668B901E519BCD00610A97 /* CartViewController.h */ = {isa = PBXFileReference; fileEncoding = 4; lastKnownFileType = sourcecode.c.h; path = CartViewController.h; sourceTree = "<group>"; };
		FC668B911E519BCD00610A97 /* CartViewController.m */ = {isa = PBXFileReference; fileEncoding = 4; lastKnownFileType = sourcecode.c.objc; path = CartViewController.m; sourceTree = "<group>"; };
		FC668B921E519BCD00610A97 /* CartViewController.xib */ = {isa = PBXFileReference; fileEncoding = 4; lastKnownFileType = file.xib; path = CartViewController.xib; sourceTree = "<group>"; };
		FCA9E9581E37312F00FF677C /* Base.h */ = {isa = PBXFileReference; fileEncoding = 4; lastKnownFileType = sourcecode.c.h; path = Base.h; sourceTree = "<group>"; };
		FCA9E9591E37312F00FF677C /* BaseNavigationController.h */ = {isa = PBXFileReference; fileEncoding = 4; lastKnownFileType = sourcecode.c.h; path = BaseNavigationController.h; sourceTree = "<group>"; };
		FCA9E95A1E37312F00FF677C /* BaseNavigationController.m */ = {isa = PBXFileReference; fileEncoding = 4; lastKnownFileType = sourcecode.c.objc; path = BaseNavigationController.m; sourceTree = "<group>"; };
		FCA9E95B1E37312F00FF677C /* BaseTabBarController.h */ = {isa = PBXFileReference; fileEncoding = 4; lastKnownFileType = sourcecode.c.h; path = BaseTabBarController.h; sourceTree = "<group>"; };
		FCA9E95C1E37312F00FF677C /* BaseTabBarController.m */ = {isa = PBXFileReference; fileEncoding = 4; lastKnownFileType = sourcecode.c.objc; path = BaseTabBarController.m; sourceTree = "<group>"; };
		FCA9E95D1E37312F00FF677C /* BaseTableViewController.h */ = {isa = PBXFileReference; fileEncoding = 4; lastKnownFileType = sourcecode.c.h; path = BaseTableViewController.h; sourceTree = "<group>"; };
		FCA9E95E1E37312F00FF677C /* BaseTableViewController.m */ = {isa = PBXFileReference; fileEncoding = 4; lastKnownFileType = sourcecode.c.objc; path = BaseTableViewController.m; sourceTree = "<group>"; };
		FCA9E95F1E37312F00FF677C /* BaseViewController.h */ = {isa = PBXFileReference; fileEncoding = 4; lastKnownFileType = sourcecode.c.h; path = BaseViewController.h; sourceTree = "<group>"; };
		FCA9E9601E37312F00FF677C /* BaseViewController.m */ = {isa = PBXFileReference; fileEncoding = 4; lastKnownFileType = sourcecode.c.objc; path = BaseViewController.m; sourceTree = "<group>"; };
		FCA9E9611E37312F00FF677C /* CellModel.h */ = {isa = PBXFileReference; fileEncoding = 4; lastKnownFileType = sourcecode.c.h; path = CellModel.h; sourceTree = "<group>"; };
		FCA9E9621E37312F00FF677C /* CellModel.m */ = {isa = PBXFileReference; fileEncoding = 4; lastKnownFileType = sourcecode.c.objc; path = CellModel.m; sourceTree = "<group>"; };
		FCA9E9631E37312F00FF677C /* Toast.h */ = {isa = PBXFileReference; fileEncoding = 4; lastKnownFileType = sourcecode.c.h; path = Toast.h; sourceTree = "<group>"; };
		FCA9E9641E37312F00FF677C /* Toast.m */ = {isa = PBXFileReference; fileEncoding = 4; lastKnownFileType = sourcecode.c.objc; path = Toast.m; sourceTree = "<group>"; };
		FCA9E9661E37312F00FF677C /* HeadSDCategory.h */ = {isa = PBXFileReference; fileEncoding = 4; lastKnownFileType = sourcecode.c.h; path = HeadSDCategory.h; sourceTree = "<group>"; };
		FCA9E9671E37312F00FF677C /* NSData+SDCategory.h */ = {isa = PBXFileReference; fileEncoding = 4; lastKnownFileType = sourcecode.c.h; path = "NSData+SDCategory.h"; sourceTree = "<group>"; };
		FCA9E9681E37312F00FF677C /* NSData+SDCategory.m */ = {isa = PBXFileReference; fileEncoding = 4; lastKnownFileType = sourcecode.c.objc; path = "NSData+SDCategory.m"; sourceTree = "<group>"; };
		FCA9E9691E37312F00FF677C /* NSObject+SDCategory.h */ = {isa = PBXFileReference; fileEncoding = 4; lastKnownFileType = sourcecode.c.h; path = "NSObject+SDCategory.h"; sourceTree = "<group>"; };
		FCA9E96A1E37312F00FF677C /* NSObject+SDCategory.m */ = {isa = PBXFileReference; fileEncoding = 4; lastKnownFileType = sourcecode.c.objc; path = "NSObject+SDCategory.m"; sourceTree = "<group>"; };
		FCA9E96B1E37312F00FF677C /* NSString+SDCategory.h */ = {isa = PBXFileReference; fileEncoding = 4; lastKnownFileType = sourcecode.c.h; path = "NSString+SDCategory.h"; sourceTree = "<group>"; };
		FCA9E96C1E37312F00FF677C /* NSString+SDCategory.m */ = {isa = PBXFileReference; fileEncoding = 4; lastKnownFileType = sourcecode.c.objc; path = "NSString+SDCategory.m"; sourceTree = "<group>"; };
		FCA9E96D1E37312F00FF677C /* UIButton+SDCategory.h */ = {isa = PBXFileReference; fileEncoding = 4; lastKnownFileType = sourcecode.c.h; path = "UIButton+SDCategory.h"; sourceTree = "<group>"; };
		FCA9E96E1E37312F00FF677C /* UIButton+SDCategory.m */ = {isa = PBXFileReference; fileEncoding = 4; lastKnownFileType = sourcecode.c.objc; path = "UIButton+SDCategory.m"; sourceTree = "<group>"; };
		FCA9E96F1E37312F00FF677C /* UIColor+SDCategory.h */ = {isa = PBXFileReference; fileEncoding = 4; lastKnownFileType = sourcecode.c.h; path = "UIColor+SDCategory.h"; sourceTree = "<group>"; };
		FCA9E9701E37312F00FF677C /* UIColor+SDCategory.m */ = {isa = PBXFileReference; fileEncoding = 4; lastKnownFileType = sourcecode.c.objc; path = "UIColor+SDCategory.m"; sourceTree = "<group>"; };
		FCA9E9711E37312F00FF677C /* UIImage+SDCategory.h */ = {isa = PBXFileReference; fileEncoding = 4; lastKnownFileType = sourcecode.c.h; path = "UIImage+SDCategory.h"; sourceTree = "<group>"; };
		FCA9E9721E37312F00FF677C /* UIImage+SDCategory.m */ = {isa = PBXFileReference; fileEncoding = 4; lastKnownFileType = sourcecode.c.objc; path = "UIImage+SDCategory.m"; sourceTree = "<group>"; };
		FCA9E9731E37312F00FF677C /* UIImageView+SDCategory.h */ = {isa = PBXFileReference; fileEncoding = 4; lastKnownFileType = sourcecode.c.h; path = "UIImageView+SDCategory.h"; sourceTree = "<group>"; };
		FCA9E9741E37312F00FF677C /* UIImageView+SDCategory.m */ = {isa = PBXFileReference; fileEncoding = 4; lastKnownFileType = sourcecode.c.objc; path = "UIImageView+SDCategory.m"; sourceTree = "<group>"; };
		FCA9E9751E37312F00FF677C /* UILabel+SDCategory.h */ = {isa = PBXFileReference; fileEncoding = 4; lastKnownFileType = sourcecode.c.h; path = "UILabel+SDCategory.h"; sourceTree = "<group>"; };
		FCA9E9761E37312F00FF677C /* UILabel+SDCategory.m */ = {isa = PBXFileReference; fileEncoding = 4; lastKnownFileType = sourcecode.c.objc; path = "UILabel+SDCategory.m"; sourceTree = "<group>"; };
		FCA9E9771E37312F00FF677C /* UITextField+SDCategory.h */ = {isa = PBXFileReference; fileEncoding = 4; lastKnownFileType = sourcecode.c.h; path = "UITextField+SDCategory.h"; sourceTree = "<group>"; };
		FCA9E9781E37312F00FF677C /* UITextField+SDCategory.m */ = {isa = PBXFileReference; fileEncoding = 4; lastKnownFileType = sourcecode.c.objc; path = "UITextField+SDCategory.m"; sourceTree = "<group>"; };
		FCA9E9791E37312F00FF677C /* UIView+SDCategory.h */ = {isa = PBXFileReference; fileEncoding = 4; lastKnownFileType = sourcecode.c.h; path = "UIView+SDCategory.h"; sourceTree = "<group>"; };
		FCA9E97A1E37312F00FF677C /* UIView+SDCategory.m */ = {isa = PBXFileReference; fileEncoding = 4; lastKnownFileType = sourcecode.c.objc; path = "UIView+SDCategory.m"; sourceTree = "<group>"; };
		FCA9E97B1E37312F00FF677C /* UIViewController+SDCategory.h */ = {isa = PBXFileReference; fileEncoding = 4; lastKnownFileType = sourcecode.c.h; path = "UIViewController+SDCategory.h"; sourceTree = "<group>"; };
		FCA9E97C1E37312F00FF677C /* UIViewController+SDCategory.m */ = {isa = PBXFileReference; fileEncoding = 4; lastKnownFileType = sourcecode.c.objc; path = "UIViewController+SDCategory.m"; sourceTree = "<group>"; };
		FCA9E97D1E37312F00FF677C /* UIWebView+SDCategory.h */ = {isa = PBXFileReference; fileEncoding = 4; lastKnownFileType = sourcecode.c.h; path = "UIWebView+SDCategory.h"; sourceTree = "<group>"; };
		FCA9E97E1E37312F00FF677C /* UIWebView+SDCategory.m */ = {isa = PBXFileReference; fileEncoding = 4; lastKnownFileType = sourcecode.c.objc; path = "UIWebView+SDCategory.m"; sourceTree = "<group>"; };
		FCA9E9861E37312F00FF677C /* AboutVC.h */ = {isa = PBXFileReference; fileEncoding = 4; lastKnownFileType = sourcecode.c.h; path = AboutVC.h; sourceTree = "<group>"; };
		FCA9E9871E37312F00FF677C /* AboutVC.m */ = {isa = PBXFileReference; fileEncoding = 4; lastKnownFileType = sourcecode.c.objc; path = AboutVC.m; sourceTree = "<group>"; };
		FCA9E9881E37312F00FF677C /* AboutVC.xib */ = {isa = PBXFileReference; fileEncoding = 4; lastKnownFileType = file.xib; path = AboutVC.xib; sourceTree = "<group>"; };
		FCA9E9891E37312F00FF677C /* FeedBackVC.h */ = {isa = PBXFileReference; fileEncoding = 4; lastKnownFileType = sourcecode.c.h; path = FeedBackVC.h; sourceTree = "<group>"; };
		FCA9E98A1E37312F00FF677C /* FeedBackVC.m */ = {isa = PBXFileReference; fileEncoding = 4; lastKnownFileType = sourcecode.c.objc; path = FeedBackVC.m; sourceTree = "<group>"; };
		FCA9E98B1E37312F00FF677C /* FeedBackVC.xib */ = {isa = PBXFileReference; fileEncoding = 4; lastKnownFileType = file.xib; path = FeedBackVC.xib; sourceTree = "<group>"; };
		FCA9E98C1E37312F00FF677C /* LicensePageVC.h */ = {isa = PBXFileReference; fileEncoding = 4; lastKnownFileType = sourcecode.c.h; path = LicensePageVC.h; sourceTree = "<group>"; };
		FCA9E98D1E37312F00FF677C /* LicensePageVC.m */ = {isa = PBXFileReference; fileEncoding = 4; lastKnownFileType = sourcecode.c.objc; path = LicensePageVC.m; sourceTree = "<group>"; };
		FCA9E98E1E37312F00FF677C /* LicensePageVC.xib */ = {isa = PBXFileReference; fileEncoding = 4; lastKnownFileType = file.xib; path = LicensePageVC.xib; sourceTree = "<group>"; };
		FCA9E98F1E37312F00FF677C /* FiveVC.h */ = {isa = PBXFileReference; fileEncoding = 4; lastKnownFileType = sourcecode.c.h; path = FiveVC.h; sourceTree = "<group>"; };
		FCA9E9901E37312F00FF677C /* FiveVC.m */ = {isa = PBXFileReference; fileEncoding = 4; lastKnownFileType = sourcecode.c.objc; path = FiveVC.m; sourceTree = "<group>"; };
		FCA9E9911E37312F00FF677C /* FiveVC.xib */ = {isa = PBXFileReference; fileEncoding = 4; lastKnownFileType = file.xib; path = FiveVC.xib; sourceTree = "<group>"; };
		FCA9E9931E37312F00FF677C /* WinXinFindVC.h */ = {isa = PBXFileReference; fileEncoding = 4; lastKnownFileType = sourcecode.c.h; path = WinXinFindVC.h; sourceTree = "<group>"; };
		FCA9E9941E37312F00FF677C /* WinXinFindVC.m */ = {isa = PBXFileReference; fileEncoding = 4; lastKnownFileType = sourcecode.c.objc; path = WinXinFindVC.m; sourceTree = "<group>"; };
		FCA9E9951E37312F00FF677C /* WinXinFindVC.xib */ = {isa = PBXFileReference; fileEncoding = 4; lastKnownFileType = file.xib; path = WinXinFindVC.xib; sourceTree = "<group>"; };
		FCA9E9961E37312F00FF677C /* 微信-发现.jpg */ = {isa = PBXFileReference; lastKnownFileType = image.jpeg; path = "微信-发现.jpg"; sourceTree = "<group>"; };
		FCA9E9981E37312F00FF677C /* FourVC.h */ = {isa = PBXFileReference; fileEncoding = 4; lastKnownFileType = sourcecode.c.h; path = FourVC.h; sourceTree = "<group>"; };
		FCA9E9991E37312F00FF677C /* FourVC.m */ = {isa = PBXFileReference; fileEncoding = 4; lastKnownFileType = sourcecode.c.objc; path = FourVC.m; sourceTree = "<group>"; };
		FCA9E99A1E37312F00FF677C /* FourVC.xib */ = {isa = PBXFileReference; fileEncoding = 4; lastKnownFileType = file.xib; path = FourVC.xib; sourceTree = "<group>"; };
		FCA9E99C1E37312F00FF677C /* Command.h */ = {isa = PBXFileReference; fileEncoding = 4; lastKnownFileType = sourcecode.c.h; path = Command.h; sourceTree = "<group>"; };
		FCA9E99D1E37312F00FF677C /* Command.m */ = {isa = PBXFileReference; fileEncoding = 4; lastKnownFileType = sourcecode.c.objc; path = Command.m; sourceTree = "<group>"; };
		FCA9E99E1E37312F00FF677C /* LocateCityCommand.h */ = {isa = PBXFileReference; fileEncoding = 4; lastKnownFileType = sourcecode.c.h; path = LocateCityCommand.h; sourceTree = "<group>"; };
		FCA9E99F1E37312F00FF677C /* LocateCityCommand.m */ = {isa = PBXFileReference; fileEncoding = 4; lastKnownFileType = sourcecode.c.objc; path = LocateCityCommand.m; sourceTree = "<group>"; };
		FCA9E9A01E37312F00FF677C /* LoginViewController.h */ = {isa = PBXFileReference; fileEncoding = 4; lastKnownFileType = sourcecode.c.h; path = LoginViewController.h; sourceTree = "<group>"; };
		FCA9E9A11E37312F00FF677C /* LoginViewController.m */ = {isa = PBXFileReference; fileEncoding = 4; lastKnownFileType = sourcecode.c.objc; path = LoginViewController.m; sourceTree = "<group>"; };
		FCA9E9A21E37312F00FF677C /* LoginViewController.xib */ = {isa = PBXFileReference; fileEncoding = 4; lastKnownFileType = file.xib; path = LoginViewController.xib; sourceTree = "<group>"; };
		FCA9E9A31E37312F00FF677C /* SDGuideViewController.h */ = {isa = PBXFileReference; fileEncoding = 4; lastKnownFileType = sourcecode.c.h; path = SDGuideViewController.h; sourceTree = "<group>"; };
		FCA9E9A41E37312F00FF677C /* SDGuideViewController.m */ = {isa = PBXFileReference; fileEncoding = 4; lastKnownFileType = sourcecode.c.objc; path = SDGuideViewController.m; sourceTree = "<group>"; };
		FCA9E9A51E37312F00FF677C /* SDGuideViewController.xib */ = {isa = PBXFileReference; fileEncoding = 4; lastKnownFileType = file.xib; path = SDGuideViewController.xib; sourceTree = "<group>"; };
		FCA9E9A71E37312F00FF677C /* OneVC.h */ = {isa = PBXFileReference; fileEncoding = 4; lastKnownFileType = sourcecode.c.h; path = OneVC.h; sourceTree = "<group>"; };
		FCA9E9A81E37312F00FF677C /* OneVC.m */ = {isa = PBXFileReference; fileEncoding = 4; lastKnownFileType = sourcecode.c.objc; path = OneVC.m; sourceTree = "<group>"; };
		FCA9E9A91E37312F00FF677C /* OneVC.xib */ = {isa = PBXFileReference; fileEncoding = 4; lastKnownFileType = file.xib; path = OneVC.xib; sourceTree = "<group>"; };
		FCA9E9AB1E37312F00FF677C /* ThreeVC.h */ = {isa = PBXFileReference; fileEncoding = 4; lastKnownFileType = sourcecode.c.h; path = ThreeVC.h; sourceTree = "<group>"; };
		FCA9E9AC1E37312F00FF677C /* ThreeVC.m */ = {isa = PBXFileReference; fileEncoding = 4; lastKnownFileType = sourcecode.c.objc; path = ThreeVC.m; sourceTree = "<group>"; };
		FCA9E9AD1E37312F00FF677C /* ThreeVC.xib */ = {isa = PBXFileReference; fileEncoding = 4; lastKnownFileType = file.xib; path = ThreeVC.xib; sourceTree = "<group>"; };
		FCA9E9AF1E37312F00FF677C /* TwoVC.h */ = {isa = PBXFileReference; fileEncoding = 4; lastKnownFileType = sourcecode.c.h; path = TwoVC.h; sourceTree = "<group>"; };
		FCA9E9B01E37312F00FF677C /* TwoVC.m */ = {isa = PBXFileReference; fileEncoding = 4; lastKnownFileType = sourcecode.c.objc; path = TwoVC.m; sourceTree = "<group>"; };
		FCA9E9B11E37312F00FF677C /* TwoVC.xib */ = {isa = PBXFileReference; fileEncoding = 4; lastKnownFileType = file.xib; path = TwoVC.xib; sourceTree = "<group>"; };
		FCA9E9B31E37312F00FF677C /* CacheManager.h */ = {isa = PBXFileReference; fileEncoding = 4; lastKnownFileType = sourcecode.c.h; path = CacheManager.h; sourceTree = "<group>"; };
		FCA9E9B41E37312F00FF677C /* CacheManager.m */ = {isa = PBXFileReference; fileEncoding = 4; lastKnownFileType = sourcecode.c.objc; path = CacheManager.m; sourceTree = "<group>"; };
		FCA9E9B51E37312F00FF677C /* DBTool.h */ = {isa = PBXFileReference; fileEncoding = 4; lastKnownFileType = sourcecode.c.h; path = DBTool.h; sourceTree = "<group>"; };
		FCA9E9B61E37312F00FF677C /* DBTool.m */ = {isa = PBXFileReference; fileEncoding = 4; lastKnownFileType = sourcecode.c.objc; path = DBTool.m; sourceTree = "<group>"; };
		FCA9E9B71E37312F00FF677C /* SDCache.h */ = {isa = PBXFileReference; fileEncoding = 4; lastKnownFileType = sourcecode.c.h; path = SDCache.h; sourceTree = "<group>"; };
		FCA9E9B81E37312F00FF677C /* SDCache.m */ = {isa = PBXFileReference; fileEncoding = 4; lastKnownFileType = sourcecode.c.objc; path = SDCache.m; sourceTree = "<group>"; };
		FCA9E9F51E37312F00FF677C /* CommonConstant.h */ = {isa = PBXFileReference; fileEncoding = 4; lastKnownFileType = sourcecode.c.h; path = CommonConstant.h; sourceTree = "<group>"; };
		FCA9E9F61E37312F00FF677C /* DefineConstant.h */ = {isa = PBXFileReference; fileEncoding = 4; lastKnownFileType = sourcecode.c.h; path = DefineConstant.h; sourceTree = "<group>"; };
		FCA9E9F71E37312F00FF677C /* HeadConstant.h */ = {isa = PBXFileReference; fileEncoding = 4; lastKnownFileType = sourcecode.c.h; path = HeadConstant.h; sourceTree = "<group>"; };
		FCA9E9F81E37312F00FF677C /* NotifyConstant.h */ = {isa = PBXFileReference; fileEncoding = 4; lastKnownFileType = sourcecode.c.h; path = NotifyConstant.h; sourceTree = "<group>"; };
		FCA9E9FA1E37312F00FF677C /* BCCommonDefines.h */ = {isa = PBXFileReference; fileEncoding = 4; lastKnownFileType = sourcecode.c.h; path = BCCommonDefines.h; sourceTree = "<group>"; };
		FCA9E9FD1E37312F00FF677C /* OSLicense.html */ = {isa = PBXFileReference; fileEncoding = 4; lastKnownFileType = text.html; path = OSLicense.html; sourceTree = "<group>"; };
		FCA9E9FF1E37312F00FF677C /* Store.h */ = {isa = PBXFileReference; fileEncoding = 4; lastKnownFileType = sourcecode.c.h; path = Store.h; sourceTree = "<group>"; };
		FCA9EA001E37312F00FF677C /* Store.m */ = {isa = PBXFileReference; fileEncoding = 4; lastKnownFileType = sourcecode.c.objc; path = Store.m; sourceTree = "<group>"; };
		FCA9EA011E37312F00FF677C /* Tool.h */ = {isa = PBXFileReference; fileEncoding = 4; lastKnownFileType = sourcecode.c.h; path = Tool.h; sourceTree = "<group>"; };
		FCA9EA021E37312F00FF677C /* Tool.m */ = {isa = PBXFileReference; fileEncoding = 4; lastKnownFileType = sourcecode.c.objc; path = Tool.m; sourceTree = "<group>"; };
/* End PBXFileReference section */

/* Begin PBXFrameworksBuildPhase section */
		751707C31B4620F6007F1AE2 /* Frameworks */ = {
			isa = PBXFrameworksBuildPhase;
			buildActionMask = 2147483647;
			files = (
				FC5F6F611C8987390023AEAF /* CoreLocation.framework in Frameworks */,
				B167EBF62991D7C480AEFD25 /* libPods-ShenHua.a in Frameworks */,
			);
			runOnlyForDeploymentPostprocessing = 0;
		};
/* End PBXFrameworksBuildPhase section */

/* Begin PBXGroup section */
		66085EBD6D8F3254B83EA83D /* Frameworks */ = {
			isa = PBXGroup;
			children = (
				FC5F6F601C8987390023AEAF /* CoreLocation.framework */,
				06A55C993E31166E5D9B3031 /* libPods-ShenHua.a */,
			);
			name = Frameworks;
			sourceTree = "<group>";
		};
		751707BD1B4620F6007F1AE2 = {
			isa = PBXGroup;
			children = (
				751707C81B4620F6007F1AE2 /* ShenHua */,
				751707E21B4620F6007F1AE2 /* ShenHuaTests */,
				751707C71B4620F6007F1AE2 /* Products */,
				D2276AA18F634B7976ADF5D3 /* Pods */,
				66085EBD6D8F3254B83EA83D /* Frameworks */,
			);
			sourceTree = "<group>";
		};
		751707C71B4620F6007F1AE2 /* Products */ = {
			isa = PBXGroup;
			children = (
				751707C61B4620F6007F1AE2 /* ShenHua.app */,
			);
			name = Products;
			sourceTree = "<group>";
		};
		751707C81B4620F6007F1AE2 /* ShenHua */ = {
			isa = PBXGroup;
			children = (
				75ADACE21E61B595007D93A9 /* View */,
				FC668B8C1E519BA700610A97 /* Model */,
				FC668B8E1E519BA700610A97 /* ViewController */,
				FC668B8F1E519BA700610A97 /* ViewModel */,
				FCA9E8061E372F6A00FF677C /* AppDelegate */,
				FCA9E8071E372F6A00FF677C /* Genneral */,
				751707D61B4620F6007F1AE2 /* Images.xcassets */,
				751707C91B4620F6007F1AE2 /* Supporting Files */,
			);
			path = ShenHua;
			sourceTree = "<group>";
		};
		751707C91B4620F6007F1AE2 /* Supporting Files */ = {
			isa = PBXGroup;
			children = (
				75D9A8901B4E966900C4CB34 /* ShenHua-Prefix.pch */,
				751707CA1B4620F6007F1AE2 /* Info.plist */,
				751707CB1B4620F6007F1AE2 /* main.m */,
			);
			name = "Supporting Files";
			sourceTree = "<group>";
		};
		751707E21B4620F6007F1AE2 /* ShenHuaTests */ = {
			isa = PBXGroup;
			children = (
				751707E51B4620F6007F1AE2 /* ShenHuaTests.m */,
				751707E31B4620F6007F1AE2 /* Supporting Files */,
			);
			path = ShenHuaTests;
			sourceTree = "<group>";
		};
		751707E31B4620F6007F1AE2 /* Supporting Files */ = {
			isa = PBXGroup;
			children = (
				751707E41B4620F6007F1AE2 /* Info.plist */,
			);
			name = "Supporting Files";
			sourceTree = "<group>";
		};
		75ADACE21E61B595007D93A9 /* View */ = {
			isa = PBXGroup;
			children = (
				75ADACE31E61B5A9007D93A9 /* ProductListCell.h */,
				75ADACE41E61B5A9007D93A9 /* ProductListCell.m */,
				75ADACE51E61B5A9007D93A9 /* ProductListCell.xib */,
				75ADACE81E61B6E0007D93A9 /* ProductListTwoCell.h */,
				75ADACE91E61B6E0007D93A9 /* ProductListTwoCell.m */,
			);
			path = View;
			sourceTree = "<group>";
		};
		75ADACEB1E626F90007D93A9 /* AnimCase */ = {
			isa = PBXGroup;
			children = (
				75ADACEC1E626F90007D93A9 /* AnimCaseVC.h */,
				75ADACED1E626F90007D93A9 /* AnimCaseVC.m */,
				75ADACEE1E626F90007D93A9 /* AnimCaseVC.xib */,
			);
			path = AnimCase;
			sourceTree = "<group>";
		};
		75ADACEF1E626F90007D93A9 /* CustomViewCase */ = {
			isa = PBXGroup;
			children = (
				75ADACF01E626F90007D93A9 /* CustomViewCaseController.h */,
				75ADACF11E626F90007D93A9 /* CustomViewCaseController.m */,
				75ADACF21E626F90007D93A9 /* CustomViewCaseController.xib */,
				75ADACF31E626F90007D93A9 /* CutomViewCase1.h */,
				75ADACF41E626F90007D93A9 /* CutomViewCase1.m */,
				75ADACF51E626F90007D93A9 /* CutomViewCase1.xib */,
			);
			path = CustomViewCase;
			sourceTree = "<group>";
		};
		75ADACF61E626F90007D93A9 /* GCDThreadCase */ = {
			isa = PBXGroup;
			children = (
			);
			path = GCDThreadCase;
			sourceTree = "<group>";
		};
		75ADACF71E626F90007D93A9 /* HubViewCase */ = {
			isa = PBXGroup;
			children = (
				75ADACF81E626F90007D93A9 /* BCScrollView.h */,
				75ADACF91E626F90007D93A9 /* BCScrollView.m */,
				75ADACFA1E626F90007D93A9 /* cgf_classification_line@2x.png */,
				75ADACFB1E626F90007D93A9 /* cgf_classification_line@3x.png */,
				75ADACFC1E626F90007D93A9 /* cgf_classification_open@2x.png */,
				75ADACFD1E626F90007D93A9 /* cgf_classification_open@3x.png */,
				75ADACFE1E626F90007D93A9 /* cgf_classification_shut@2x.png */,
				75ADACFF1E626F90007D93A9 /* cgf_classification_shut@3x.png */,
				75ADAD001E626F90007D93A9 /* HubViewCaseVC.h */,
				75ADAD011E626F90007D93A9 /* HubViewCaseVC.m */,
				75ADAD021E626F90007D93A9 /* HubViewCaseVC.xib */,
				75ADAD031E626F90007D93A9 /* scroll_shadow@2x.png */,
			);
			path = HubViewCase;
			sourceTree = "<group>";
		};
		75ADAD041E626F90007D93A9 /* MasonryCase */ = {
			isa = PBXGroup;
			children = (
				75ADAD051E626F90007D93A9 /* autolayout1.png */,
				75ADAD061E626F90007D93A9 /* autolayout2.png */,
				75ADAD071E626F90007D93A9 /* autolayout3.png */,
				75ADAD081E626F90007D93A9 /* autolayout4.jpg */,
				75ADAD091E626F90007D93A9 /* AutoLayoutCaseVC.h */,
				75ADAD0A1E626F90007D93A9 /* AutoLayoutCaseVC.m */,
				75ADAD0B1E626F90007D93A9 /* AutoLayoutCaseVC.xib */,
				75ADAD0C1E626F90007D93A9 /* Masonry.jpg */,
				75ADAD0D1E626F90007D93A9 /* MasonryCaseVC.h */,
				75ADAD0E1E626F90007D93A9 /* MasonryCaseVC.m */,
				75ADAD0F1E626F90007D93A9 /* MasonryCaseVC.xib */,
			);
			path = MasonryCase;
			sourceTree = "<group>";
		};
		75ADAD101E626F90007D93A9 /* RunTimeCase */ = {
			isa = PBXGroup;
			children = (
			);
			path = RunTimeCase;
			sourceTree = "<group>";
		};
		75ADAD111E626F90007D93A9 /* ScrollViewCase */ = {
			isa = PBXGroup;
			children = (
				75ADAD121E626F90007D93A9 /* UICollectionViewVC.h */,
				75ADAD131E626F90007D93A9 /* UICollectionViewVC.m */,
				75ADAD141E626F90007D93A9 /* UICollectionViewVC.xib */,
				75ADAD151E626F90007D93A9 /* UITableViewCaseCell.h */,
				75ADAD161E626F90007D93A9 /* UITableViewCaseCell.m */,
				75ADAD171E626F90007D93A9 /* UITableViewCaseCell.xib */,
				75ADAD181E626F90007D93A9 /* UITableViewCaseVC.h */,
				75ADAD191E626F90007D93A9 /* UITableViewCaseVC.m */,
				75ADAD1A1E626F90007D93A9 /* UITableViewCaseVC.xib */,
			);
			path = ScrollViewCase;
			sourceTree = "<group>";
		};
		75ADAD1B1E626F90007D93A9 /* TestCase */ = {
			isa = PBXGroup;
			children = (
			);
			path = TestCase;
			sourceTree = "<group>";
		};
		75ADAD1F1E626F90007D93A9 /* ZReadMeCase */ = {
			isa = PBXGroup;
			children = (
				75ADAD201E626F90007D93A9 /* 备份.md */,
				75ADAD211E626F90007D93A9 /* 审核.md */,
				75ADAD221E626F90007D93A9 /* 工作.md */,
				75ADAD231E626F90007D93A9 /* 工具.md */,
				75ADAD241E626F90007D93A9 /* 文章.md */,
				75ADAD251E626F90007D93A9 /* 构架.md */,
				75ADAD261E626F90007D93A9 /* 管理.md */,
				75ADAD271E626F90007D93A9 /* 经验.md */,
				75ADAD281E626F90007D93A9 /* 逆向.md */,
			);
			path = ZReadMeCase;
			sourceTree = "<group>";
		};
		D2276AA18F634B7976ADF5D3 /* Pods */ = {
			isa = PBXGroup;
			children = (
				8614D95EDFFC612247624D9D /* Pods-ShenHua.debug.xcconfig */,
				272CD3FC790BF4EC82942BEE /* Pods-ShenHua.release.xcconfig */,
			);
			name = Pods;
			sourceTree = "<group>";
		};
		FC668B8C1E519BA700610A97 /* Model */ = {
			isa = PBXGroup;
			children = (
				FC3566871E56DAD200CEC4AD /* ProductModel.h */,
				FC3566881E56DAD200CEC4AD /* ProductModel.m */,
			);
			path = Model;
			sourceTree = "<group>";
		};
		FC668B8E1E519BA700610A97 /* ViewController */ = {
			isa = PBXGroup;
			children = (
				FC668B901E519BCD00610A97 /* CartViewController.h */,
				FC668B911E519BCD00610A97 /* CartViewController.m */,
				FC668B921E519BCD00610A97 /* CartViewController.xib */,
				FC35668A1E56FBBF00CEC4AD /* ProductListViewController.h */,
				FC35668B1E56FBBF00CEC4AD /* ProductListViewController.m */,
				FC35668C1E56FBBF00CEC4AD /* ProductListViewController.xib */,
				FC35668F1E56FBD500CEC4AD /* ProductDetailViewController.h */,
				FC3566901E56FBD500CEC4AD /* ProductDetailViewController.m */,
				FC3566911E56FBD500CEC4AD /* ProductDetailViewController.xib */,
			);
			path = ViewController;
			sourceTree = "<group>";
		};
		FC668B8F1E519BA700610A97 /* ViewModel */ = {
			isa = PBXGroup;
			children = (
			);
			path = ViewModel;
			sourceTree = "<group>";
		};
		FCA9E8061E372F6A00FF677C /* AppDelegate */ = {
			isa = PBXGroup;
			children = (
				759DDABD1E40410300175959 /* README.md */,
				751707CD1B4620F6007F1AE2 /* AppDelegate.h */,
				751707CE1B4620F6007F1AE2 /* AppDelegate.m */,
				759DDAC41E40C91100175959 /* TestViewController.h */,
				759DDAC51E40C91100175959 /* TestViewController.m */,
				759DDAC61E40C91100175959 /* TestViewController.xib */,
				759DDADB1E4706FF00175959 /* Test2ViewController.h */,
				759DDADC1E4706FF00175959 /* Test2ViewController.m */,
				759DDADD1E4706FF00175959 /* Test2ViewController.xib */,
				759DDAE01E47085F00175959 /* CustomView.h */,
				759DDAE11E47085F00175959 /* CustomView.m */,
				759DDAE31E47086E00175959 /* CustomView.xib */,
				759DDAE51E470CDB00175959 /* Person.h */,
				759DDAE61E470CDB00175959 /* Person.m */,
				759DDAE81E470FA000175959 /* Dog.h */,
				759DDAE91E470FA000175959 /* Dog.m */,
			);
			path = AppDelegate;
			sourceTree = "<group>";
		};
		FCA9E8071E372F6A00FF677C /* Genneral */ = {
			isa = PBXGroup;
			children = (
				FCA9E9571E37312F00FF677C /* Base */,
				FCA9E9651E37312F00FF677C /* Category */,
				FCA9E97F1E37312F00FF677C /* Control */,
				FCA9E9831E37312F00FF677C /* Controller */,
				FCA9E9B21E37312F00FF677C /* Database */,
				FCA9E9B91E37312F00FF677C /* KnowIOS */,
				FCA9E9F41E37312F00FF677C /* Macro */,
				FCA9E9F91E37312F00FF677C /* Network */,
				FCA9E9FC1E37312F00FF677C /* Resource */,
				FCA9E9FE1E37312F00FF677C /* Util */,
				FCA9EA031E37312F00FF677C /* Vendors */,
			);
			path = Genneral;
			sourceTree = "<group>";
		};
		FCA9E9571E37312F00FF677C /* Base */ = {
			isa = PBXGroup;
			children = (
				FCA9E9581E37312F00FF677C /* Base.h */,
				FCA9E9591E37312F00FF677C /* BaseNavigationController.h */,
				FCA9E95A1E37312F00FF677C /* BaseNavigationController.m */,
				FCA9E95B1E37312F00FF677C /* BaseTabBarController.h */,
				FCA9E95C1E37312F00FF677C /* BaseTabBarController.m */,
				FCA9E95D1E37312F00FF677C /* BaseTableViewController.h */,
				FCA9E95E1E37312F00FF677C /* BaseTableViewController.m */,
				FCA9E95F1E37312F00FF677C /* BaseViewController.h */,
				FCA9E9601E37312F00FF677C /* BaseViewController.m */,
				FCA9E9611E37312F00FF677C /* CellModel.h */,
				FCA9E9621E37312F00FF677C /* CellModel.m */,
				FCA9E9631E37312F00FF677C /* Toast.h */,
				FCA9E9641E37312F00FF677C /* Toast.m */,
			);
			path = Base;
			sourceTree = "<group>";
		};
		FCA9E9651E37312F00FF677C /* Category */ = {
			isa = PBXGroup;
			children = (
				FCA9E9661E37312F00FF677C /* HeadSDCategory.h */,
				FCA9E9671E37312F00FF677C /* NSData+SDCategory.h */,
				FCA9E9681E37312F00FF677C /* NSData+SDCategory.m */,
				FCA9E9691E37312F00FF677C /* NSObject+SDCategory.h */,
				FCA9E96A1E37312F00FF677C /* NSObject+SDCategory.m */,
				FCA9E96B1E37312F00FF677C /* NSString+SDCategory.h */,
				FCA9E96C1E37312F00FF677C /* NSString+SDCategory.m */,
				FCA9E96D1E37312F00FF677C /* UIButton+SDCategory.h */,
				FCA9E96E1E37312F00FF677C /* UIButton+SDCategory.m */,
				FCA9E96F1E37312F00FF677C /* UIColor+SDCategory.h */,
				FCA9E9701E37312F00FF677C /* UIColor+SDCategory.m */,
				FCA9E9711E37312F00FF677C /* UIImage+SDCategory.h */,
				FCA9E9721E37312F00FF677C /* UIImage+SDCategory.m */,
				FCA9E9731E37312F00FF677C /* UIImageView+SDCategory.h */,
				FCA9E9741E37312F00FF677C /* UIImageView+SDCategory.m */,
				FCA9E9751E37312F00FF677C /* UILabel+SDCategory.h */,
				FCA9E9761E37312F00FF677C /* UILabel+SDCategory.m */,
				FCA9E9771E37312F00FF677C /* UITextField+SDCategory.h */,
				FCA9E9781E37312F00FF677C /* UITextField+SDCategory.m */,
				FCA9E9791E37312F00FF677C /* UIView+SDCategory.h */,
				FCA9E97A1E37312F00FF677C /* UIView+SDCategory.m */,
				FCA9E97B1E37312F00FF677C /* UIViewController+SDCategory.h */,
				FCA9E97C1E37312F00FF677C /* UIViewController+SDCategory.m */,
				FCA9E97D1E37312F00FF677C /* UIWebView+SDCategory.h */,
				FCA9E97E1E37312F00FF677C /* UIWebView+SDCategory.m */,
			);
			path = Category;
			sourceTree = "<group>";
		};
		FCA9E97F1E37312F00FF677C /* Control */ = {
			isa = PBXGroup;
			children = (
			);
			path = Control;
			sourceTree = "<group>";
		};
		FCA9E9831E37312F00FF677C /* Controller */ = {
			isa = PBXGroup;
			children = (
				FCA9E9841E37312F00FF677C /* five */,
				FCA9E9971E37312F00FF677C /* four */,
				FCA9E99B1E37312F00FF677C /* login */,
				FCA9E9A61E37312F00FF677C /* one */,
				FCA9E9AA1E37312F00FF677C /* three */,
				FCA9E9AE1E37312F00FF677C /* two */,
			);
			path = Controller;
			sourceTree = "<group>";
		};
		FCA9E9841E37312F00FF677C /* five */ = {
			isa = PBXGroup;
			children = (
				FCA9E9851E37312F00FF677C /* fanhuan */,
				FCA9E98F1E37312F00FF677C /* FiveVC.h */,
				FCA9E9901E37312F00FF677C /* FiveVC.m */,
				FCA9E9911E37312F00FF677C /* FiveVC.xib */,
				FCA9E9921E37312F00FF677C /* weixin */,
			);
			path = five;
			sourceTree = "<group>";
		};
		FCA9E9851E37312F00FF677C /* fanhuan */ = {
			isa = PBXGroup;
			children = (
				FCA9E9861E37312F00FF677C /* AboutVC.h */,
				FCA9E9871E37312F00FF677C /* AboutVC.m */,
				FCA9E9881E37312F00FF677C /* AboutVC.xib */,
				FCA9E9891E37312F00FF677C /* FeedBackVC.h */,
				FCA9E98A1E37312F00FF677C /* FeedBackVC.m */,
				FCA9E98B1E37312F00FF677C /* FeedBackVC.xib */,
				FCA9E98C1E37312F00FF677C /* LicensePageVC.h */,
				FCA9E98D1E37312F00FF677C /* LicensePageVC.m */,
				FCA9E98E1E37312F00FF677C /* LicensePageVC.xib */,
			);
			path = fanhuan;
			sourceTree = "<group>";
		};
		FCA9E9921E37312F00FF677C /* weixin */ = {
			isa = PBXGroup;
			children = (
				FCA9E9931E37312F00FF677C /* WinXinFindVC.h */,
				FCA9E9941E37312F00FF677C /* WinXinFindVC.m */,
				FCA9E9951E37312F00FF677C /* WinXinFindVC.xib */,
				FCA9E9961E37312F00FF677C /* 微信-发现.jpg */,
			);
			path = weixin;
			sourceTree = "<group>";
		};
		FCA9E9971E37312F00FF677C /* four */ = {
			isa = PBXGroup;
			children = (
				FCA9E9981E37312F00FF677C /* FourVC.h */,
				FCA9E9991E37312F00FF677C /* FourVC.m */,
				FCA9E99A1E37312F00FF677C /* FourVC.xib */,
			);
			path = four;
			sourceTree = "<group>";
		};
		FCA9E99B1E37312F00FF677C /* login */ = {
			isa = PBXGroup;
			children = (
				FCA9E99C1E37312F00FF677C /* Command.h */,
				FCA9E99D1E37312F00FF677C /* Command.m */,
				FCA9E99E1E37312F00FF677C /* LocateCityCommand.h */,
				FCA9E99F1E37312F00FF677C /* LocateCityCommand.m */,
				FCA9E9A01E37312F00FF677C /* LoginViewController.h */,
				FCA9E9A11E37312F00FF677C /* LoginViewController.m */,
				FCA9E9A21E37312F00FF677C /* LoginViewController.xib */,
				FCA9E9A31E37312F00FF677C /* SDGuideViewController.h */,
				FCA9E9A41E37312F00FF677C /* SDGuideViewController.m */,
				FCA9E9A51E37312F00FF677C /* SDGuideViewController.xib */,
			);
			path = login;
			sourceTree = "<group>";
		};
		FCA9E9A61E37312F00FF677C /* one */ = {
			isa = PBXGroup;
			children = (
				FCA9E9A71E37312F00FF677C /* OneVC.h */,
				FCA9E9A81E37312F00FF677C /* OneVC.m */,
				FCA9E9A91E37312F00FF677C /* OneVC.xib */,
			);
			path = one;
			sourceTree = "<group>";
		};
		FCA9E9AA1E37312F00FF677C /* three */ = {
			isa = PBXGroup;
			children = (
				FCA9E9AB1E37312F00FF677C /* ThreeVC.h */,
				FCA9E9AC1E37312F00FF677C /* ThreeVC.m */,
				FCA9E9AD1E37312F00FF677C /* ThreeVC.xib */,
			);
			path = three;
			sourceTree = "<group>";
		};
		FCA9E9AE1E37312F00FF677C /* two */ = {
			isa = PBXGroup;
			children = (
				FCA9E9AF1E37312F00FF677C /* TwoVC.h */,
				FCA9E9B01E37312F00FF677C /* TwoVC.m */,
				FCA9E9B11E37312F00FF677C /* TwoVC.xib */,
			);
			path = two;
			sourceTree = "<group>";
		};
		FCA9E9B21E37312F00FF677C /* Database */ = {
			isa = PBXGroup;
			children = (
				FCA9E9B31E37312F00FF677C /* CacheManager.h */,
				FCA9E9B41E37312F00FF677C /* CacheManager.m */,
				FCA9E9B51E37312F00FF677C /* DBTool.h */,
				FCA9E9B61E37312F00FF677C /* DBTool.m */,
				FCA9E9B71E37312F00FF677C /* SDCache.h */,
				FCA9E9B81E37312F00FF677C /* SDCache.m */,
			);
			path = Database;
			sourceTree = "<group>";
		};
		FCA9E9B91E37312F00FF677C /* KnowIOS */ = {
			isa = PBXGroup;
			children = (
				75ADACEB1E626F90007D93A9 /* AnimCase */,
				75ADACEF1E626F90007D93A9 /* CustomViewCase */,
				75ADACF61E626F90007D93A9 /* GCDThreadCase */,
				75ADACF71E626F90007D93A9 /* HubViewCase */,
				75ADAD041E626F90007D93A9 /* MasonryCase */,
				75ADAD101E626F90007D93A9 /* RunTimeCase */,
				75ADAD111E626F90007D93A9 /* ScrollViewCase */,
				75ADAD1B1E626F90007D93A9 /* TestCase */,
				75ADAD1F1E626F90007D93A9 /* ZReadMeCase */,
			);
			path = KnowIOS;
			sourceTree = "<group>";
		};
		FCA9E9F41E37312F00FF677C /* Macro */ = {
			isa = PBXGroup;
			children = (
				FCA9E9F51E37312F00FF677C /* CommonConstant.h */,
				FCA9E9F61E37312F00FF677C /* DefineConstant.h */,
				FCA9E9F71E37312F00FF677C /* HeadConstant.h */,
				FCA9E9F81E37312F00FF677C /* NotifyConstant.h */,
			);
			path = Macro;
			sourceTree = "<group>";
		};
		FCA9E9F91E37312F00FF677C /* Network */ = {
			isa = PBXGroup;
			children = (
				FCA9E9FA1E37312F00FF677C /* BCCommonDefines.h */,
				FCA9E9FB1E37312F00FF677C /* Manager */,
			);
			path = Network;
			sourceTree = "<group>";
		};
		FCA9E9FB1E37312F00FF677C /* Manager */ = {
			isa = PBXGroup;
			children = (
			);
			path = Manager;
			sourceTree = "<group>";
		};
		FCA9E9FC1E37312F00FF677C /* Resource */ = {
			isa = PBXGroup;
			children = (
				FCA9E9FD1E37312F00FF677C /* OSLicense.html */,
			);
			path = Resource;
			sourceTree = "<group>";
		};
		FCA9E9FE1E37312F00FF677C /* Util */ = {
			isa = PBXGroup;
			children = (
				FCA9E9FF1E37312F00FF677C /* Store.h */,
				FCA9EA001E37312F00FF677C /* Store.m */,
				FCA9EA011E37312F00FF677C /* Tool.h */,
				FCA9EA021E37312F00FF677C /* Tool.m */,
			);
			path = Util;
			sourceTree = "<group>";
		};
		FCA9EA031E37312F00FF677C /* Vendors */ = {
			isa = PBXGroup;
			children = (
			);
			path = Vendors;
			sourceTree = "<group>";
		};
/* End PBXGroup section */

/* Begin PBXNativeTarget section */
		751707C51B4620F6007F1AE2 /* ShenHua */ = {
			isa = PBXNativeTarget;
			buildConfigurationList = 751707E91B4620F6007F1AE2 /* Build configuration list for PBXNativeTarget "ShenHua" */;
			buildPhases = (
				6B3DD6F4D1B951E9D3A61B6A /* [CP] Check Pods Manifest.lock */,
				751707C21B4620F6007F1AE2 /* Sources */,
				751707C31B4620F6007F1AE2 /* Frameworks */,
				751707C41B4620F6007F1AE2 /* Resources */,
				F33B9434BAB18F4BFFE7D3AA /* [CP] Embed Pods Frameworks */,
				0CDB8E485557347A5840DE75 /* [CP] Copy Pods Resources */,
			);
			buildRules = (
			);
			dependencies = (
			);
			name = ShenHua;
			productName = ShenHua;
			productReference = 751707C61B4620F6007F1AE2 /* ShenHua.app */;
			productType = "com.apple.product-type.application";
		};
/* End PBXNativeTarget section */

/* Begin PBXProject section */
		751707BE1B4620F6007F1AE2 /* Project object */ = {
			isa = PBXProject;
			attributes = {
				LastUpgradeCheck = 0810;
				ORGANIZATIONNAME = suzhiqiu;
				TargetAttributes = {
					751707C51B4620F6007F1AE2 = {
						CreatedOnToolsVersion = 6.2;
						DevelopmentTeam = FYK36YYF36;
						ProvisioningStyle = Automatic;
					};
				};
			};
			buildConfigurationList = 751707C11B4620F6007F1AE2 /* Build configuration list for PBXProject "ShenHua" */;
			compatibilityVersion = "Xcode 3.2";
			developmentRegion = English;
			hasScannedForEncodings = 0;
			knownRegions = (
				en,
				Base,
			);
			mainGroup = 751707BD1B4620F6007F1AE2;
			productRefGroup = 751707C71B4620F6007F1AE2 /* Products */;
			projectDirPath = "";
			projectRoot = "";
			targets = (
				751707C51B4620F6007F1AE2 /* ShenHua */,
			);
		};
/* End PBXProject section */

/* Begin PBXResourcesBuildPhase section */
		751707C41B4620F6007F1AE2 /* Resources */ = {
			isa = PBXResourcesBuildPhase;
			buildActionMask = 2147483647;
			files = (
				75ADACE71E61B5A9007D93A9 /* ProductListCell.xib in Resources */,
				75ADAD3E1E626F90007D93A9 /* AutoLayoutCaseVC.xib in Resources */,
				75ADAD2A1E626F90007D93A9 /* AnimCaseVC.xib in Resources */,
				FCA9EA2C1E37312F00FF677C /* OneVC.xib in Resources */,
				FCA9EA241E37312F00FF677C /* FourVC.xib in Resources */,
				75ADAD431E626F90007D93A9 /* UICollectionViewVC.xib in Resources */,
				FCA9EA211E37312F00FF677C /* WinXinFindVC.xib in Resources */,
				75ADAD381E626F90007D93A9 /* scroll_shadow@2x.png in Resources */,
				FC668B941E519BCD00610A97 /* CartViewController.xib in Resources */,
				75ADAD3B1E626F90007D93A9 /* autolayout3.png in Resources */,
				75ADAD471E626F90007D93A9 /* UITableViewCaseVC.xib in Resources */,
				75ADAD3A1E626F90007D93A9 /* autolayout2.png in Resources */,
				FCA9EA2A1E37312F00FF677C /* SDGuideViewController.xib in Resources */,
				FCA9EA1F1E37312F00FF677C /* FiveVC.xib in Resources */,
				75ADAD331E626F90007D93A9 /* cgf_classification_open@3x.png in Resources */,
				FCA9EA2E1E37312F00FF677C /* ThreeVC.xib in Resources */,
				FCA9EA5E1E37313000FF677C /* OSLicense.html in Resources */,
				FC3566931E56FBD500CEC4AD /* ProductDetailViewController.xib in Resources */,
				75ADAD451E626F90007D93A9 /* UITableViewCaseCell.xib in Resources */,
				75ADAD2E1E626F90007D93A9 /* CutomViewCase1.xib in Resources */,
				75ADAD301E626F90007D93A9 /* cgf_classification_line@2x.png in Resources */,
				75ADAD3C1E626F90007D93A9 /* autolayout4.jpg in Resources */,
				759DDAE41E47086E00175959 /* CustomView.xib in Resources */,
				FCA9EA1B1E37312F00FF677C /* FeedBackVC.xib in Resources */,
				75ADAD391E626F90007D93A9 /* autolayout1.png in Resources */,
				75ADAD321E626F90007D93A9 /* cgf_classification_open@2x.png in Resources */,
				75ADAD2C1E626F90007D93A9 /* CustomViewCaseController.xib in Resources */,
				759DDAC81E40C91100175959 /* TestViewController.xib in Resources */,
				FCA9EA191E37312F00FF677C /* AboutVC.xib in Resources */,
				75ADAD311E626F90007D93A9 /* cgf_classification_line@3x.png in Resources */,
				751707D71B4620F6007F1AE2 /* Images.xcassets in Resources */,
				75ADAD351E626F90007D93A9 /* cgf_classification_shut@3x.png in Resources */,
				75ADAD411E626F90007D93A9 /* MasonryCaseVC.xib in Resources */,
				75ADAD371E626F90007D93A9 /* HubViewCaseVC.xib in Resources */,
				FCA9EA221E37312F00FF677C /* 微信-发现.jpg in Resources */,
				75ADAD3F1E626F90007D93A9 /* Masonry.jpg in Resources */,
				759DDADF1E4706FF00175959 /* Test2ViewController.xib in Resources */,
				FCA9EA1D1E37312F00FF677C /* LicensePageVC.xib in Resources */,
				FCA9EA301E37312F00FF677C /* TwoVC.xib in Resources */,
				FC35668E1E56FBBF00CEC4AD /* ProductListViewController.xib in Resources */,
				75ADAD341E626F90007D93A9 /* cgf_classification_shut@2x.png in Resources */,
				FCA9EA281E37312F00FF677C /* LoginViewController.xib in Resources */,
			);
			runOnlyForDeploymentPostprocessing = 0;
		};
/* End PBXResourcesBuildPhase section */

/* Begin PBXShellScriptBuildPhase section */
		0CDB8E485557347A5840DE75 /* [CP] Copy Pods Resources */ = {
			isa = PBXShellScriptBuildPhase;
			buildActionMask = 2147483647;
			files = (
			);
			inputPaths = (
			);
			name = "[CP] Copy Pods Resources";
			outputPaths = (
			);
			runOnlyForDeploymentPostprocessing = 0;
			shellPath = /bin/sh;
			shellScript = "\"${SRCROOT}/Pods/Target Support Files/Pods-ShenHua/Pods-ShenHua-resources.sh\"\n";
			showEnvVarsInLog = 0;
		};
		6B3DD6F4D1B951E9D3A61B6A /* [CP] Check Pods Manifest.lock */ = {
			isa = PBXShellScriptBuildPhase;
			buildActionMask = 2147483647;
			files = (
			);
			inputPaths = (
			);
			name = "[CP] Check Pods Manifest.lock";
			outputPaths = (
			);
			runOnlyForDeploymentPostprocessing = 0;
			shellPath = /bin/sh;
			shellScript = "diff \"${PODS_ROOT}/../Podfile.lock\" \"${PODS_ROOT}/Manifest.lock\" > /dev/null\nif [ $? != 0 ] ; then\n    # print error to STDERR\n    echo \"error: The sandbox is not in sync with the Podfile.lock. Run 'pod install' or update your CocoaPods installation.\" >&2\n    exit 1\nfi\n";
			showEnvVarsInLog = 0;
		};
		F33B9434BAB18F4BFFE7D3AA /* [CP] Embed Pods Frameworks */ = {
			isa = PBXShellScriptBuildPhase;
			buildActionMask = 2147483647;
			files = (
			);
			inputPaths = (
			);
			name = "[CP] Embed Pods Frameworks";
			outputPaths = (
			);
			runOnlyForDeploymentPostprocessing = 0;
			shellPath = /bin/sh;
			shellScript = "\"${SRCROOT}/Pods/Target Support Files/Pods-ShenHua/Pods-ShenHua-frameworks.sh\"\n";
			showEnvVarsInLog = 0;
		};
/* End PBXShellScriptBuildPhase section */

/* Begin PBXSourcesBuildPhase section */
		751707C21B4620F6007F1AE2 /* Sources */ = {
			isa = PBXSourcesBuildPhase;
			buildActionMask = 2147483647;
			files = (
				759DDAE71E470CDB00175959 /* Person.m in Sources */,
				75ADACE61E61B5A9007D93A9 /* ProductListCell.m in Sources */,
				FCA9EA2B1E37312F00FF677C /* OneVC.m in Sources */,
				FCA9EA0D1E37312F00FF677C /* NSString+SDCategory.m in Sources */,
				FCA9EA061E37312F00FF677C /* BaseTabBarController.m in Sources */,
				FCA9EA2F1E37312F00FF677C /* TwoVC.m in Sources */,
				FCA9EA311E37312F00FF677C /* CacheManager.m in Sources */,
				75ADACEA1E61B6E0007D93A9 /* ProductListTwoCell.m in Sources */,
				FCA9EA051E37312F00FF677C /* BaseNavigationController.m in Sources */,
				FCA9EA601E37313000FF677C /* Tool.m in Sources */,
				FCA9EA121E37312F00FF677C /* UILabel+SDCategory.m in Sources */,
				751707CF1B4620F6007F1AE2 /* AppDelegate.m in Sources */,
				759DDAEA1E470FA000175959 /* Dog.m in Sources */,
				FCA9EA071E37312F00FF677C /* BaseTableViewController.m in Sources */,
				FCA9EA081E37312F00FF677C /* BaseViewController.m in Sources */,
				FCA9EA321E37312F00FF677C /* DBTool.m in Sources */,
				FC3566891E56DAD200CEC4AD /* ProductModel.m in Sources */,
				FC3566921E56FBD500CEC4AD /* ProductDetailViewController.m in Sources */,
				75ADAD441E626F90007D93A9 /* UITableViewCaseCell.m in Sources */,
				FCA9EA181E37312F00FF677C /* AboutVC.m in Sources */,
				FCA9EA0C1E37312F00FF677C /* NSObject+SDCategory.m in Sources */,
				FCA9EA101E37312F00FF677C /* UIImage+SDCategory.m in Sources */,
				FCA9EA1E1E37312F00FF677C /* FiveVC.m in Sources */,
				759DDAE21E47085F00175959 /* CustomView.m in Sources */,
				FCA9EA0E1E37312F00FF677C /* UIButton+SDCategory.m in Sources */,
				FCA9EA5F1E37313000FF677C /* Store.m in Sources */,
				75ADAD3D1E626F90007D93A9 /* AutoLayoutCaseVC.m in Sources */,
				75ADAD361E626F90007D93A9 /* HubViewCaseVC.m in Sources */,
				75ADAD291E626F90007D93A9 /* AnimCaseVC.m in Sources */,
				75ADAD2D1E626F90007D93A9 /* CutomViewCase1.m in Sources */,
				FCA9EA161E37312F00FF677C /* UIWebView+SDCategory.m in Sources */,
				FCA9EA0A1E37312F00FF677C /* Toast.m in Sources */,
				FCA9EA131E37312F00FF677C /* UITextField+SDCategory.m in Sources */,
				FCA9EA251E37312F00FF677C /* Command.m in Sources */,
				FCA9EA261E37312F00FF677C /* LocateCityCommand.m in Sources */,
				FCA9EA151E37312F00FF677C /* UIViewController+SDCategory.m in Sources */,
				75ADAD461E626F90007D93A9 /* UITableViewCaseVC.m in Sources */,
				FCA9EA0B1E37312F00FF677C /* NSData+SDCategory.m in Sources */,
				FCA9EA201E37312F00FF677C /* WinXinFindVC.m in Sources */,
				75ADAD401E626F90007D93A9 /* MasonryCaseVC.m in Sources */,
				FCA9EA291E37312F00FF677C /* SDGuideViewController.m in Sources */,
				FCA9EA231E37312F00FF677C /* FourVC.m in Sources */,
				751707CC1B4620F6007F1AE2 /* main.m in Sources */,
				759DDADE1E4706FF00175959 /* Test2ViewController.m in Sources */,
				75ADAD2B1E626F90007D93A9 /* CustomViewCaseController.m in Sources */,
				FCA9EA0F1E37312F00FF677C /* UIColor+SDCategory.m in Sources */,
				FCA9EA091E37312F00FF677C /* CellModel.m in Sources */,
				FCA9EA331E37312F00FF677C /* SDCache.m in Sources */,
				75ADAD421E626F90007D93A9 /* UICollectionViewVC.m in Sources */,
				FC35668D1E56FBBF00CEC4AD /* ProductListViewController.m in Sources */,
				759DDAC71E40C91100175959 /* TestViewController.m in Sources */,
				FCA9EA1A1E37312F00FF677C /* FeedBackVC.m in Sources */,
				FCA9EA141E37312F00FF677C /* UIView+SDCategory.m in Sources */,
				FC668B931E519BCD00610A97 /* CartViewController.m in Sources */,
				FCA9EA111E37312F00FF677C /* UIImageView+SDCategory.m in Sources */,
				75ADAD2F1E626F90007D93A9 /* BCScrollView.m in Sources */,
				FCA9EA1C1E37312F00FF677C /* LicensePageVC.m in Sources */,
				FCA9EA271E37312F00FF677C /* LoginViewController.m in Sources */,
				FCA9EA2D1E37312F00FF677C /* ThreeVC.m in Sources */,
			);
			runOnlyForDeploymentPostprocessing = 0;
		};
/* End PBXSourcesBuildPhase section */

/* Begin XCBuildConfiguration section */
		751707E71B4620F6007F1AE2 /* Debug */ = {
			isa = XCBuildConfiguration;
			buildSettings = {
				ALWAYS_SEARCH_USER_PATHS = NO;
				CLANG_CXX_LANGUAGE_STANDARD = "gnu++0x";
				CLANG_CXX_LIBRARY = "libc++";
				CLANG_ENABLE_MODULES = YES;
				CLANG_ENABLE_OBJC_ARC = YES;
				CLANG_WARN_BOOL_CONVERSION = YES;
				CLANG_WARN_CONSTANT_CONVERSION = YES;
				CLANG_WARN_DIRECT_OBJC_ISA_USAGE = YES_ERROR;
				CLANG_WARN_EMPTY_BODY = YES;
				CLANG_WARN_ENUM_CONVERSION = YES;
				CLANG_WARN_INFINITE_RECURSION = YES;
				CLANG_WARN_INT_CONVERSION = YES;
				CLANG_WARN_OBJC_ROOT_CLASS = YES_ERROR;
				CLANG_WARN_SUSPICIOUS_MOVE = YES;
				CLANG_WARN_UNREACHABLE_CODE = YES;
				CLANG_WARN__DUPLICATE_METHOD_MATCH = YES;
				CODE_SIGN_IDENTITY = "iPhone Developer: Ruiquan Chen (6S2WLQAQ67)";
				"CODE_SIGN_IDENTITY[sdk=iphoneos*]" = "iPhone Developer: Ruiquan Chen (6S2WLQAQ67)";
				COPY_PHASE_STRIP = NO;
				ENABLE_STRICT_OBJC_MSGSEND = YES;
				ENABLE_TESTABILITY = YES;
				GCC_C_LANGUAGE_STANDARD = gnu99;
				GCC_DYNAMIC_NO_PIC = NO;
				GCC_NO_COMMON_BLOCKS = YES;
				GCC_OPTIMIZATION_LEVEL = 0;
				GCC_PREPROCESSOR_DEFINITIONS = (
					"DEBUG=1",
					"$(inherited)",
				);
				GCC_SYMBOLS_PRIVATE_EXTERN = NO;
				GCC_WARN_64_TO_32_BIT_CONVERSION = YES;
				GCC_WARN_ABOUT_RETURN_TYPE = YES_ERROR;
				GCC_WARN_UNDECLARED_SELECTOR = YES;
				GCC_WARN_UNINITIALIZED_AUTOS = YES_AGGRESSIVE;
				GCC_WARN_UNUSED_FUNCTION = YES;
				GCC_WARN_UNUSED_VARIABLE = YES;
				IPHONEOS_DEPLOYMENT_TARGET = 8.2;
				MTL_ENABLE_DEBUG_INFO = YES;
				ONLY_ACTIVE_ARCH = YES;
				SDKROOT = iphoneos;
			};
			name = Debug;
		};
		751707E81B4620F6007F1AE2 /* Release */ = {
			isa = XCBuildConfiguration;
			buildSettings = {
				ALWAYS_SEARCH_USER_PATHS = NO;
				CLANG_CXX_LANGUAGE_STANDARD = "gnu++0x";
				CLANG_CXX_LIBRARY = "libc++";
				CLANG_ENABLE_MODULES = YES;
				CLANG_ENABLE_OBJC_ARC = YES;
				CLANG_WARN_BOOL_CONVERSION = YES;
				CLANG_WARN_CONSTANT_CONVERSION = YES;
				CLANG_WARN_DIRECT_OBJC_ISA_USAGE = YES_ERROR;
				CLANG_WARN_EMPTY_BODY = YES;
				CLANG_WARN_ENUM_CONVERSION = YES;
				CLANG_WARN_INFINITE_RECURSION = YES;
				CLANG_WARN_INT_CONVERSION = YES;
				CLANG_WARN_OBJC_ROOT_CLASS = YES_ERROR;
				CLANG_WARN_SUSPICIOUS_MOVE = YES;
				CLANG_WARN_UNREACHABLE_CODE = YES;
				CLANG_WARN__DUPLICATE_METHOD_MATCH = YES;
				CODE_SIGN_IDENTITY = "iPhone Developer: Ruiquan Chen (6S2WLQAQ67)";
				"CODE_SIGN_IDENTITY[sdk=iphoneos*]" = "iPhone Developer: Ruiquan Chen (6S2WLQAQ67)";
				COPY_PHASE_STRIP = NO;
				ENABLE_NS_ASSERTIONS = NO;
				ENABLE_STRICT_OBJC_MSGSEND = YES;
				GCC_C_LANGUAGE_STANDARD = gnu99;
				GCC_NO_COMMON_BLOCKS = YES;
				GCC_WARN_64_TO_32_BIT_CONVERSION = YES;
				GCC_WARN_ABOUT_RETURN_TYPE = YES_ERROR;
				GCC_WARN_UNDECLARED_SELECTOR = YES;
				GCC_WARN_UNINITIALIZED_AUTOS = YES_AGGRESSIVE;
				GCC_WARN_UNUSED_FUNCTION = YES;
				GCC_WARN_UNUSED_VARIABLE = YES;
				IPHONEOS_DEPLOYMENT_TARGET = 8.2;
				MTL_ENABLE_DEBUG_INFO = NO;
				SDKROOT = iphoneos;
				VALIDATE_PRODUCT = YES;
			};
			name = Release;
		};
		751707EA1B4620F6007F1AE2 /* Debug */ = {
			isa = XCBuildConfiguration;
			baseConfigurationReference = 8614D95EDFFC612247624D9D /* Pods-ShenHua.debug.xcconfig */;
			buildSettings = {
				ASSETCATALOG_COMPILER_APPICON_NAME = AppIcon;
				ASSETCATALOG_COMPILER_LAUNCHIMAGE_NAME = LaunchImage;
				"CODE_SIGN_IDENTITY[sdk=iphoneos*]" = "iPhone Developer";
				DEVELOPMENT_TEAM = FYK36YYF36;
				GCC_PRECOMPILE_PREFIX_HEADER = YES;
				GCC_PREFIX_HEADER = "$(SRCROOT)/ShenHua/ShenHua-Prefix.pch";
				INFOPLIST_FILE = ShenHua/Info.plist;
				IPHONEOS_DEPLOYMENT_TARGET = 8.0;
				LD_RUNPATH_SEARCH_PATHS = "$(inherited) @executable_path/Frameworks";
				LIBRARY_SEARCH_PATHS = "$(inherited)";
				PRODUCT_BUNDLE_IDENTIFIER = com.lgfz.fanhuanwang;
				PRODUCT_NAME = "$(TARGET_NAME)";
				USER_HEADER_SEARCH_PATHS = "${SRCROOT}/**";
			};
			name = Debug;
		};
		751707EB1B4620F6007F1AE2 /* Release */ = {
			isa = XCBuildConfiguration;
			baseConfigurationReference = 272CD3FC790BF4EC82942BEE /* Pods-ShenHua.release.xcconfig */;
			buildSettings = {
				ASSETCATALOG_COMPILER_APPICON_NAME = AppIcon;
				ASSETCATALOG_COMPILER_LAUNCHIMAGE_NAME = LaunchImage;
				"CODE_SIGN_IDENTITY[sdk=iphoneos*]" = "iPhone Developer";
				DEVELOPMENT_TEAM = FYK36YYF36;
				GCC_PRECOMPILE_PREFIX_HEADER = YES;
				GCC_PREFIX_HEADER = "$(SRCROOT)/ShenHua/ShenHua-Prefix.pch";
				INFOPLIST_FILE = ShenHua/Info.plist;
				IPHONEOS_DEPLOYMENT_TARGET = 8.0;
				LD_RUNPATH_SEARCH_PATHS = "$(inherited) @executable_path/Frameworks";
				LIBRARY_SEARCH_PATHS = "$(inherited)";
				PRODUCT_BUNDLE_IDENTIFIER = com.lgfz.fanhuanwang;
				PRODUCT_NAME = "$(TARGET_NAME)";
				USER_HEADER_SEARCH_PATHS = "${SRCROOT}/**";
			};
			name = Release;
		};
/* End XCBuildConfiguration section */

/* Begin XCConfigurationList section */
		751707C11B4620F6007F1AE2 /* Build configuration list for PBXProject "ShenHua" */ = {
			isa = XCConfigurationList;
			buildConfigurations = (
				751707E71B4620F6007F1AE2 /* Debug */,
				751707E81B4620F6007F1AE2 /* Release */,
			);
			defaultConfigurationIsVisible = 0;
			defaultConfigurationName = Release;
		};
		751707E91B4620F6007F1AE2 /* Build configuration list for PBXNativeTarget "ShenHua" */ = {
			isa = XCConfigurationList;
			buildConfigurations = (
				751707EA1B4620F6007F1AE2 /* Debug */,
				751707EB1B4620F6007F1AE2 /* Release */,
			);
			defaultConfigurationIsVisible = 0;
			defaultConfigurationName = Release;
		};
/* End XCConfigurationList section */
	};
	rootObject = 751707BE1B4620F6007F1AE2 /* Project object */;
}
